// !$*UTF8*$!
{
	archiveVersion = 1;
	classes = {
	};
	objectVersion = 46;
	objects = {

/* Begin PBXBuildFile section */
		D10CA3542044581E0075B5C3 /* rsvg-convert.c in Sources */ = {isa = PBXBuildFile; fileRef = D10CA3522044581E0075B5C3 /* rsvg-convert.c */; };
		D1A3F5652045B85E005E972D /* CoreGraphics.framework in Frameworks */ = {isa = PBXBuildFile; fileRef = D1A3F5642045B85E005E972D /* CoreGraphics.framework */; };
		D1A3F5672045B866005E972D /* CoreText.framework in Frameworks */ = {isa = PBXBuildFile; fileRef = D1A3F5662045B866005E972D /* CoreText.framework */; };
		D1A3F5B32045BECB005E972D /* Foundation.framework in Frameworks */ = {isa = PBXBuildFile; fileRef = D1A3F5B22045BECB005E972D /* Foundation.framework */; };
		D1C9E71522CF328F0061B7CD /* libbz2.tbd in Frameworks */ = {isa = PBXBuildFile; fileRef = D1C9E71422CF328F0061B7CD /* libbz2.tbd */; };
		D1C9E71922CF32A30061B7CD /* libz.tbd in Frameworks */ = {isa = PBXBuildFile; fileRef = D1C9E71822CF32A30061B7CD /* libz.tbd */; };
		D1F96E77281CD8B600760A22 /* librsvg-2.a in Frameworks */ = {isa = PBXBuildFile; fileRef = D1F96E76281CD8B600760A22 /* librsvg-2.a */; };
		D1F96E86281CD91B00760A22 /* libgdk_pixbuf-2.0.a in Frameworks */ = {isa = PBXBuildFile; fileRef = D1F96E78281CD91A00760A22 /* libgdk_pixbuf-2.0.a */; };
		D1F96E87281CD91B00760A22 /* libstaticpixbufloader-tiff.a in Frameworks */ = {isa = PBXBuildFile; fileRef = D1F96E79281CD91A00760A22 /* libstaticpixbufloader-tiff.a */; };
		D1F96E88281CD91B00760A22 /* libstaticpixbufloader-ico.a in Frameworks */ = {isa = PBXBuildFile; fileRef = D1F96E7A281CD91A00760A22 /* libstaticpixbufloader-ico.a */; };
		D1F96E89281CD91B00760A22 /* libstaticpixbufloader-xpm.a in Frameworks */ = {isa = PBXBuildFile; fileRef = D1F96E7B281CD91A00760A22 /* libstaticpixbufloader-xpm.a */; };
		D1F96E8A281CD91B00760A22 /* libstaticpixbufloader-icns.a in Frameworks */ = {isa = PBXBuildFile; fileRef = D1F96E7C281CD91A00760A22 /* libstaticpixbufloader-icns.a */; };
		D1F96E8B281CD91B00760A22 /* libstaticpixbufloader-xbm.a in Frameworks */ = {isa = PBXBuildFile; fileRef = D1F96E7D281CD91A00760A22 /* libstaticpixbufloader-xbm.a */; };
		D1F96E8C281CD91B00760A22 /* libstaticpixbufloader-png.a in Frameworks */ = {isa = PBXBuildFile; fileRef = D1F96E7E281CD91A00760A22 /* libstaticpixbufloader-png.a */; };
		D1F96E8D281CD91B00760A22 /* libstaticpixbufloader-gif.a in Frameworks */ = {isa = PBXBuildFile; fileRef = D1F96E7F281CD91A00760A22 /* libstaticpixbufloader-gif.a */; };
		D1F96E8E281CD91B00760A22 /* libstaticpixbufloader-ani.a in Frameworks */ = {isa = PBXBuildFile; fileRef = D1F96E80281CD91A00760A22 /* libstaticpixbufloader-ani.a */; };
		D1F96E8F281CD91B00760A22 /* libstaticpixbufloader-tga.a in Frameworks */ = {isa = PBXBuildFile; fileRef = D1F96E81281CD91A00760A22 /* libstaticpixbufloader-tga.a */; };
		D1F96E90281CD91B00760A22 /* libstaticpixbufloader-jpeg.a in Frameworks */ = {isa = PBXBuildFile; fileRef = D1F96E82281CD91A00760A22 /* libstaticpixbufloader-jpeg.a */; };
		D1F96E91281CD91B00760A22 /* libstaticpixbufloader-pnm.a in Frameworks */ = {isa = PBXBuildFile; fileRef = D1F96E83281CD91A00760A22 /* libstaticpixbufloader-pnm.a */; };
		D1F96E92281CD91B00760A22 /* libstaticpixbufloader-qtif.a in Frameworks */ = {isa = PBXBuildFile; fileRef = D1F96E84281CD91A00760A22 /* libstaticpixbufloader-qtif.a */; };
		D1F96E93281CD91B00760A22 /* libstaticpixbufloader-bmp.a in Frameworks */ = {isa = PBXBuildFile; fileRef = D1F96E85281CD91A00760A22 /* libstaticpixbufloader-bmp.a */; };
		D1F96E99281CD98500760A22 /* libglib-2.0.a in Frameworks */ = {isa = PBXBuildFile; fileRef = D1F96E94281CD98500760A22 /* libglib-2.0.a */; };
		D1F96E9A281CD98500760A22 /* libgobject-2.0.a in Frameworks */ = {isa = PBXBuildFile; fileRef = D1F96E95281CD98500760A22 /* libgobject-2.0.a */; };
		D1F96E9B281CD98500760A22 /* libgthread-2.0.a in Frameworks */ = {isa = PBXBuildFile; fileRef = D1F96E96281CD98500760A22 /* libgthread-2.0.a */; };
		D1F96E9C281CD98500760A22 /* libgmodule-2.0.a in Frameworks */ = {isa = PBXBuildFile; fileRef = D1F96E97281CD98500760A22 /* libgmodule-2.0.a */; };
		D1F96E9D281CD98500760A22 /* libgio-2.0.a in Frameworks */ = {isa = PBXBuildFile; fileRef = D1F96E98281CD98500760A22 /* libgio-2.0.a */; };
		D1F96EA1281CD9FE00760A22 /* CoreServices.framework in Frameworks */ = {isa = PBXBuildFile; fileRef = D1F96EA0281CD9FE00760A22 /* CoreServices.framework */; };
		D1F96EA3281CDA3100760A22 /* libresolv.tbd in Frameworks */ = {isa = PBXBuildFile; fileRef = D1F96EA2281CDA3100760A22 /* libresolv.tbd */; };
		D1F96EA5281CDA4200760A22 /* libffi.a in Frameworks */ = {isa = PBXBuildFile; fileRef = D1F96EA4281CDA4200760A22 /* libffi.a */; };
		D1F96EA7281CDA6200760A22 /* AppKit.framework in Frameworks */ = {isa = PBXBuildFile; fileRef = D1F96EA6281CDA6200760A22 /* AppKit.framework */; };
		D1F96EA9281CDAA100760A22 /* libxml2.tbd in Frameworks */ = {isa = PBXBuildFile; fileRef = D1F96EA8281CDAA100760A22 /* libxml2.tbd */; };
		D1F96EAB281CDAC600760A22 /* libcroco-0.6.a in Frameworks */ = {isa = PBXBuildFile; fileRef = D1F96EAA281CDAC600760A22 /* libcroco-0.6.a */; };
		D1F96EB1281CDB2400760A22 /* libjpeg.a in Frameworks */ = {isa = PBXBuildFile; fileRef = D1F96EAE281CDB2400760A22 /* libjpeg.a */; };
		D1F96EB2281CDB2400760A22 /* libpng16.a in Frameworks */ = {isa = PBXBuildFile; fileRef = D1F96EAF281CDB2400760A22 /* libpng16.a */; };
		D1F96EB4281CDB5300760A22 /* libintl.a in Frameworks */ = {isa = PBXBuildFile; fileRef = D1F96EB3281CDB5300760A22 /* libintl.a */; };
		D1F96EB6281CDB7300760A22 /* libcairo.a in Frameworks */ = {isa = PBXBuildFile; fileRef = D1F96EB5281CDB7300760A22 /* libcairo.a */; };
		D1F96EB8281CDBA400760A22 /* libpixman-1.a in Frameworks */ = {isa = PBXBuildFile; fileRef = D1F96EB7281CDBA300760A22 /* libpixman-1.a */; };
		D1F96EBA281CDBB600760A22 /* liblzma.tbd in Frameworks */ = {isa = PBXBuildFile; fileRef = D1F96EB9281CDBB600760A22 /* liblzma.tbd */; };
		D1F96EBC281CDC0000760A22 /* libfontconfig.a in Frameworks */ = {isa = PBXBuildFile; fileRef = D1F96EBB281CDC0000760A22 /* libfontconfig.a */; };
		D1F96EBD281CDC1300760A22 /* libfreetype.a in Frameworks */ = {isa = PBXBuildFile; fileRef = D1F96EAD281CDB2400760A22 /* libfreetype.a */; };
		D1F96EBF281CDC4700760A22 /* libtiff.a in Frameworks */ = {isa = PBXBuildFile; fileRef = D1F96EBE281CDC4700760A22 /* libtiff.a */; };
		D1F96EC1281CDC8200760A22 /* libexpat.tbd in Frameworks */ = {isa = PBXBuildFile; fileRef = D1F96EC0281CDC8200760A22 /* libexpat.tbd */; };
		D1F96EC3281CDD0700760A22 /* libpcre.tbd in Frameworks */ = {isa = PBXBuildFile; fileRef = D1F96EC2281CDD0700760A22 /* libpcre.tbd */; };
		D1F96EC7281CDE4400760A22 /* libpango-1.0.a in Frameworks */ = {isa = PBXBuildFile; fileRef = D1F96EC4281CDE4400760A22 /* libpango-1.0.a */; };
		D1F96EC8281CDE4400760A22 /* libpangoft2-1.0.a in Frameworks */ = {isa = PBXBuildFile; fileRef = D1F96EC5281CDE4400760A22 /* libpangoft2-1.0.a */; };
		D1F96EC9281CDE4400760A22 /* libpangocairo-1.0.a in Frameworks */ = {isa = PBXBuildFile; fileRef = D1F96EC6281CDE4400760A22 /* libpangocairo-1.0.a */; };
		D1F96ECB281CDF0600760A22 /* libfribidi.a in Frameworks */ = {isa = PBXBuildFile; fileRef = D1F96ECA281CDF0600760A22 /* libfribidi.a */; };
		D1F96ECD281CDF6900760A22 /* libharfbuzz.a in Frameworks */ = {isa = PBXBuildFile; fileRef = D1F96ECC281CDF6900760A22 /* libharfbuzz.a */; };
		D1F96ED5281CE32C00760A22 /* libgraphite2.a in Frameworks */ = {isa = PBXBuildFile; fileRef = D1F96ED4281CE32C00760A22 /* libgraphite2.a */; };
		D1F96ED7281D05EB00760A22 /* libiconv.a in Frameworks */ = {isa = PBXBuildFile; fileRef = D1F96ED6281D05EB00760A22 /* libiconv.a */; };
/* End PBXBuildFile section */

/* Begin PBXCopyFilesBuildPhase section */
		D1482DBB1A67F4D00020E7AF /* CopyFiles */ = {
			isa = PBXCopyFilesBuildPhase;
			buildActionMask = 2147483647;
			dstPath = /usr/share/man/man1/;
			dstSubfolderSpec = 0;
			files = (
			);
			runOnlyForDeploymentPostprocessing = 1;
		};
/* End PBXCopyFilesBuildPhase section */

/* Begin PBXFileReference section */
		D10CA3522044581E0075B5C3 /* rsvg-convert.c */ = {isa = PBXFileReference; explicitFileType = sourcecode.cpp.objcpp; fileEncoding = 4; path = "rsvg-convert.c"; sourceTree = SOURCE_ROOT; };
		D10CA3532044581E0075B5C3 /* rsvg-convert.h */ = {isa = PBXFileReference; fileEncoding = 4; lastKnownFileType = sourcecode.c.h; path = "rsvg-convert.h"; sourceTree = SOURCE_ROOT; };
		D1482DBD1A67F4D00020E7AF /* rsvg-convert */ = {isa = PBXFileReference; explicitFileType = "compiled.mach-o.executable"; includeInIndex = 0; path = "rsvg-convert"; sourceTree = BUILT_PRODUCTS_DIR; };
		D1A3F5642045B85E005E972D /* CoreGraphics.framework */ = {isa = PBXFileReference; lastKnownFileType = wrapper.framework; name = CoreGraphics.framework; path = System/Library/Frameworks/CoreGraphics.framework; sourceTree = SDKROOT; };
		D1A3F5662045B866005E972D /* CoreText.framework */ = {isa = PBXFileReference; lastKnownFileType = wrapper.framework; name = CoreText.framework; path = System/Library/Frameworks/CoreText.framework; sourceTree = SDKROOT; };
		D1A3F5B22045BECB005E972D /* Foundation.framework */ = {isa = PBXFileReference; lastKnownFileType = wrapper.framework; name = Foundation.framework; path = System/Library/Frameworks/Foundation.framework; sourceTree = SDKROOT; };
		D1C9E70B22CF2FD70061B7CD /* rsvg-css.h */ = {isa = PBXFileReference; lastKnownFileType = sourcecode.c.h; name = "rsvg-css.h"; path = "include/librsvg-2.0/librsvg/rsvg-css.h"; sourceTree = SOURCE_ROOT; };
		D1C9E71422CF328F0061B7CD /* libbz2.tbd */ = {isa = PBXFileReference; lastKnownFileType = "sourcecode.text-based-dylib-definition"; name = libbz2.tbd; path = usr/lib/libbz2.tbd; sourceTree = SDKROOT; };
		D1C9E71622CF32990061B7CD /* libiconv.tbd */ = {isa = PBXFileReference; lastKnownFileType = "sourcecode.text-based-dylib-definition"; name = libiconv.tbd; path = usr/lib/libiconv.tbd; sourceTree = SDKROOT; };
		D1C9E71822CF32A30061B7CD /* libz.tbd */ = {isa = PBXFileReference; lastKnownFileType = "sourcecode.text-based-dylib-definition"; name = libz.tbd; path = usr/lib/libz.tbd; sourceTree = SDKROOT; };
		D1C9E71A22CF32A60061B7CD /* libbz2.tbd */ = {isa = PBXFileReference; lastKnownFileType = "sourcecode.text-based-dylib-definition"; name = libbz2.tbd; path = usr/lib/libbz2.tbd; sourceTree = SDKROOT; };
		D1C9E71B22CF32A60061B7CD /* libz.tbd */ = {isa = PBXFileReference; lastKnownFileType = "sourcecode.text-based-dylib-definition"; name = libz.tbd; path = usr/lib/libz.tbd; sourceTree = SDKROOT; };
		D1C9E71C22CF32A60061B7CD /* libiconv.tbd */ = {isa = PBXFileReference; lastKnownFileType = "sourcecode.text-based-dylib-definition"; name = libiconv.tbd; path = usr/lib/libiconv.tbd; sourceTree = SDKROOT; };
		D1CEC5F8234C660C009EA9F1 /* libgmodule-2.0.0.dylib */ = {isa = PBXFileReference; lastKnownFileType = "compiled.mach-o.dylib"; name = "libgmodule-2.0.0.dylib"; path = "dylib/libgmodule-2.0.0.dylib"; sourceTree = "<group>"; };
		D1CEC5F9234C660C009EA9F1 /* libfreetype.6.dylib */ = {isa = PBXFileReference; lastKnownFileType = "compiled.mach-o.dylib"; name = libfreetype.6.dylib; path = dylib/libfreetype.6.dylib; sourceTree = "<group>"; };
		D1CEC5FB234C660C009EA9F1 /* librsvg-2.2.dylib */ = {isa = PBXFileReference; lastKnownFileType = "compiled.mach-o.dylib"; name = "librsvg-2.2.dylib"; path = "dylib/librsvg-2.2.dylib"; sourceTree = "<group>"; };
		D1CEC5FC234C660C009EA9F1 /* libgobject-2.0.0.dylib */ = {isa = PBXFileReference; lastKnownFileType = "compiled.mach-o.dylib"; name = "libgobject-2.0.0.dylib"; path = "dylib/libgobject-2.0.0.dylib"; sourceTree = "<group>"; };
		D1CEC5FE234C660C009EA9F1 /* libjpeg.9.dylib */ = {isa = PBXFileReference; lastKnownFileType = "compiled.mach-o.dylib"; name = libjpeg.9.dylib; path = dylib/libjpeg.9.dylib; sourceTree = "<group>"; };
		D1CEC5FF234C660C009EA9F1 /* libpng16.16.dylib */ = {isa = PBXFileReference; lastKnownFileType = "compiled.mach-o.dylib"; name = libpng16.16.dylib; path = dylib/libpng16.16.dylib; sourceTree = "<group>"; };
		D1CEC600234C660C009EA9F1 /* libglib-2.0.0.dylib */ = {isa = PBXFileReference; lastKnownFileType = "compiled.mach-o.dylib"; name = "libglib-2.0.0.dylib"; path = "dylib/libglib-2.0.0.dylib"; sourceTree = "<group>"; };
		D1CEC601234C660D009EA9F1 /* libfontconfig.1.dylib */ = {isa = PBXFileReference; lastKnownFileType = "compiled.mach-o.dylib"; name = libfontconfig.1.dylib; path = dylib/libfontconfig.1.dylib; sourceTree = "<group>"; };
		D1CEC602234C660D009EA9F1 /* libgdk_pixbuf-2.0.0.dylib */ = {isa = PBXFileReference; lastKnownFileType = "compiled.mach-o.dylib"; name = "libgdk_pixbuf-2.0.0.dylib"; path = "dylib/libgdk_pixbuf-2.0.0.dylib"; sourceTree = "<group>"; };
		D1CEC603234C660D009EA9F1 /* libintl.8.dylib */ = {isa = PBXFileReference; lastKnownFileType = "compiled.mach-o.dylib"; name = libintl.8.dylib; path = dylib/libintl.8.dylib; sourceTree = "<group>"; };
		D1CEC604234C660D009EA9F1 /* libpango-1.0.0.dylib */ = {isa = PBXFileReference; lastKnownFileType = "compiled.mach-o.dylib"; name = "libpango-1.0.0.dylib"; path = "dylib/libpango-1.0.0.dylib"; sourceTree = "<group>"; };
		D1CEC605234C660D009EA9F1 /* libpangocairo-1.0.0.dylib */ = {isa = PBXFileReference; lastKnownFileType = "compiled.mach-o.dylib"; name = "libpangocairo-1.0.0.dylib"; path = "dylib/libpangocairo-1.0.0.dylib"; sourceTree = "<group>"; };
		D1CEC606234C660D009EA9F1 /* libpcre.1.dylib */ = {isa = PBXFileReference; lastKnownFileType = "compiled.mach-o.dylib"; name = libpcre.1.dylib; path = dylib/libpcre.1.dylib; sourceTree = "<group>"; };
		D1CEC607234C660D009EA9F1 /* libcairo.2.dylib */ = {isa = PBXFileReference; lastKnownFileType = "compiled.mach-o.dylib"; name = libcairo.2.dylib; path = dylib/libcairo.2.dylib; sourceTree = "<group>"; };
		D1CEC608234C660D009EA9F1 /* libgthread-2.0.0.dylib */ = {isa = PBXFileReference; lastKnownFileType = "compiled.mach-o.dylib"; name = "libgthread-2.0.0.dylib"; path = "dylib/libgthread-2.0.0.dylib"; sourceTree = "<group>"; };
		D1CEC609234C660D009EA9F1 /* liblzma.5.dylib */ = {isa = PBXFileReference; lastKnownFileType = "compiled.mach-o.dylib"; name = liblzma.5.dylib; path = dylib/liblzma.5.dylib; sourceTree = "<group>"; };
		D1CEC60A234C660D009EA9F1 /* libgio-2.0.0.dylib */ = {isa = PBXFileReference; lastKnownFileType = "compiled.mach-o.dylib"; name = "libgio-2.0.0.dylib"; path = "dylib/libgio-2.0.0.dylib"; sourceTree = "<group>"; };
		D1CEC60B234C660D009EA9F1 /* libtiff.5.dylib */ = {isa = PBXFileReference; lastKnownFileType = "compiled.mach-o.dylib"; name = libtiff.5.dylib; path = dylib/libtiff.5.dylib; sourceTree = "<group>"; };
		D1CEC60C234C660D009EA9F1 /* libpixman-1.0.dylib */ = {isa = PBXFileReference; lastKnownFileType = "compiled.mach-o.dylib"; name = "libpixman-1.0.dylib"; path = "dylib/libpixman-1.0.dylib"; sourceTree = "<group>"; };
		D1CEC60D234C660D009EA9F1 /* libpangoft2-1.0.0.dylib */ = {isa = PBXFileReference; lastKnownFileType = "compiled.mach-o.dylib"; name = "libpangoft2-1.0.0.dylib"; path = "dylib/libpangoft2-1.0.0.dylib"; sourceTree = "<group>"; };
		D1CEC60E234C660D009EA9F1 /* libcroco-0.6.3.dylib */ = {isa = PBXFileReference; lastKnownFileType = "compiled.mach-o.dylib"; name = "libcroco-0.6.3.dylib"; path = "dylib/libcroco-0.6.3.dylib"; sourceTree = "<group>"; };
		D1CEC60F234C660D009EA9F1 /* libxml2.2.dylib */ = {isa = PBXFileReference; lastKnownFileType = "compiled.mach-o.dylib"; name = libxml2.2.dylib; path = dylib/libxml2.2.dylib; sourceTree = "<group>"; };
		D1CEC610234C660D009EA9F1 /* libharfbuzz.0.dylib */ = {isa = PBXFileReference; lastKnownFileType = "compiled.mach-o.dylib"; name = libharfbuzz.0.dylib; path = dylib/libharfbuzz.0.dylib; sourceTree = "<group>"; };
		D1F96E76281CD8B600760A22 /* librsvg-2.a */ = {isa = PBXFileReference; lastKnownFileType = archive.ar; name = "librsvg-2.a"; path = "a/librsvg-2.a"; sourceTree = "<group>"; };
		D1F96E78281CD91A00760A22 /* libgdk_pixbuf-2.0.a */ = {isa = PBXFileReference; lastKnownFileType = archive.ar; name = "libgdk_pixbuf-2.0.a"; path = "a/libgdk_pixbuf-2.0.a"; sourceTree = "<group>"; };
		D1F96E79281CD91A00760A22 /* libstaticpixbufloader-tiff.a */ = {isa = PBXFileReference; lastKnownFileType = archive.ar; name = "libstaticpixbufloader-tiff.a"; path = "a/libstaticpixbufloader-tiff.a"; sourceTree = "<group>"; };
		D1F96E7A281CD91A00760A22 /* libstaticpixbufloader-ico.a */ = {isa = PBXFileReference; lastKnownFileType = archive.ar; name = "libstaticpixbufloader-ico.a"; path = "a/libstaticpixbufloader-ico.a"; sourceTree = "<group>"; };
		D1F96E7B281CD91A00760A22 /* libstaticpixbufloader-xpm.a */ = {isa = PBXFileReference; lastKnownFileType = archive.ar; name = "libstaticpixbufloader-xpm.a"; path = "a/libstaticpixbufloader-xpm.a"; sourceTree = "<group>"; };
		D1F96E7C281CD91A00760A22 /* libstaticpixbufloader-icns.a */ = {isa = PBXFileReference; lastKnownFileType = archive.ar; name = "libstaticpixbufloader-icns.a"; path = "a/libstaticpixbufloader-icns.a"; sourceTree = "<group>"; };
		D1F96E7D281CD91A00760A22 /* libstaticpixbufloader-xbm.a */ = {isa = PBXFileReference; lastKnownFileType = archive.ar; name = "libstaticpixbufloader-xbm.a"; path = "a/libstaticpixbufloader-xbm.a"; sourceTree = "<group>"; };
		D1F96E7E281CD91A00760A22 /* libstaticpixbufloader-png.a */ = {isa = PBXFileReference; lastKnownFileType = archive.ar; name = "libstaticpixbufloader-png.a"; path = "a/libstaticpixbufloader-png.a"; sourceTree = "<group>"; };
		D1F96E7F281CD91A00760A22 /* libstaticpixbufloader-gif.a */ = {isa = PBXFileReference; lastKnownFileType = archive.ar; name = "libstaticpixbufloader-gif.a"; path = "a/libstaticpixbufloader-gif.a"; sourceTree = "<group>"; };
		D1F96E80281CD91A00760A22 /* libstaticpixbufloader-ani.a */ = {isa = PBXFileReference; lastKnownFileType = archive.ar; name = "libstaticpixbufloader-ani.a"; path = "a/libstaticpixbufloader-ani.a"; sourceTree = "<group>"; };
		D1F96E81281CD91A00760A22 /* libstaticpixbufloader-tga.a */ = {isa = PBXFileReference; lastKnownFileType = archive.ar; name = "libstaticpixbufloader-tga.a"; path = "a/libstaticpixbufloader-tga.a"; sourceTree = "<group>"; };
		D1F96E82281CD91A00760A22 /* libstaticpixbufloader-jpeg.a */ = {isa = PBXFileReference; lastKnownFileType = archive.ar; name = "libstaticpixbufloader-jpeg.a"; path = "a/libstaticpixbufloader-jpeg.a"; sourceTree = "<group>"; };
		D1F96E83281CD91A00760A22 /* libstaticpixbufloader-pnm.a */ = {isa = PBXFileReference; lastKnownFileType = archive.ar; name = "libstaticpixbufloader-pnm.a"; path = "a/libstaticpixbufloader-pnm.a"; sourceTree = "<group>"; };
		D1F96E84281CD91A00760A22 /* libstaticpixbufloader-qtif.a */ = {isa = PBXFileReference; lastKnownFileType = archive.ar; name = "libstaticpixbufloader-qtif.a"; path = "a/libstaticpixbufloader-qtif.a"; sourceTree = "<group>"; };
		D1F96E85281CD91A00760A22 /* libstaticpixbufloader-bmp.a */ = {isa = PBXFileReference; lastKnownFileType = archive.ar; name = "libstaticpixbufloader-bmp.a"; path = "a/libstaticpixbufloader-bmp.a"; sourceTree = "<group>"; };
		D1F96E94281CD98500760A22 /* libglib-2.0.a */ = {isa = PBXFileReference; lastKnownFileType = archive.ar; name = "libglib-2.0.a"; path = "a/libglib-2.0.a"; sourceTree = "<group>"; };
		D1F96E95281CD98500760A22 /* libgobject-2.0.a */ = {isa = PBXFileReference; lastKnownFileType = archive.ar; name = "libgobject-2.0.a"; path = "a/libgobject-2.0.a"; sourceTree = "<group>"; };
		D1F96E96281CD98500760A22 /* libgthread-2.0.a */ = {isa = PBXFileReference; lastKnownFileType = archive.ar; name = "libgthread-2.0.a"; path = "a/libgthread-2.0.a"; sourceTree = "<group>"; };
		D1F96E97281CD98500760A22 /* libgmodule-2.0.a */ = {isa = PBXFileReference; lastKnownFileType = archive.ar; name = "libgmodule-2.0.a"; path = "a/libgmodule-2.0.a"; sourceTree = "<group>"; };
		D1F96E98281CD98500760A22 /* libgio-2.0.a */ = {isa = PBXFileReference; lastKnownFileType = archive.ar; name = "libgio-2.0.a"; path = "a/libgio-2.0.a"; sourceTree = "<group>"; };
		D1F96E9E281CD9AF00760A22 /* CoreFoundation.framework */ = {isa = PBXFileReference; lastKnownFileType = wrapper.framework; name = CoreFoundation.framework; path = System/Library/Frameworks/CoreFoundation.framework; sourceTree = SDKROOT; };
		D1F96EA0281CD9FE00760A22 /* CoreServices.framework */ = {isa = PBXFileReference; lastKnownFileType = wrapper.framework; name = CoreServices.framework; path = System/Library/Frameworks/CoreServices.framework; sourceTree = SDKROOT; };
		D1F96EA2281CDA3100760A22 /* libresolv.tbd */ = {isa = PBXFileReference; lastKnownFileType = "sourcecode.text-based-dylib-definition"; name = libresolv.tbd; path = usr/lib/libresolv.tbd; sourceTree = SDKROOT; };
		D1F96EA4281CDA4200760A22 /* libffi.a */ = {isa = PBXFileReference; lastKnownFileType = archive.ar; name = libffi.a; path = a/libffi.a; sourceTree = "<group>"; };
		D1F96EA6281CDA6200760A22 /* AppKit.framework */ = {isa = PBXFileReference; lastKnownFileType = wrapper.framework; name = AppKit.framework; path = System/Library/Frameworks/AppKit.framework; sourceTree = SDKROOT; };
		D1F96EA8281CDAA100760A22 /* libxml2.tbd */ = {isa = PBXFileReference; lastKnownFileType = "sourcecode.text-based-dylib-definition"; name = libxml2.tbd; path = usr/lib/libxml2.tbd; sourceTree = SDKROOT; };
		D1F96EAA281CDAC600760A22 /* libcroco-0.6.a */ = {isa = PBXFileReference; lastKnownFileType = archive.ar; name = "libcroco-0.6.a"; path = "a/libcroco-0.6.a"; sourceTree = "<group>"; };
		D1F96EAD281CDB2400760A22 /* libfreetype.a */ = {isa = PBXFileReference; lastKnownFileType = archive.ar; name = libfreetype.a; path = a/libfreetype.a; sourceTree = "<group>"; };
		D1F96EAE281CDB2400760A22 /* libjpeg.a */ = {isa = PBXFileReference; lastKnownFileType = archive.ar; name = libjpeg.a; path = a/libjpeg.a; sourceTree = "<group>"; };
		D1F96EAF281CDB2400760A22 /* libpng16.a */ = {isa = PBXFileReference; lastKnownFileType = archive.ar; name = libpng16.a; path = a/libpng16.a; sourceTree = "<group>"; };
		D1F96EB3281CDB5300760A22 /* libintl.a */ = {isa = PBXFileReference; lastKnownFileType = archive.ar; name = libintl.a; path = a/libintl.a; sourceTree = "<group>"; };
		D1F96EB5281CDB7300760A22 /* libcairo.a */ = {isa = PBXFileReference; lastKnownFileType = archive.ar; name = libcairo.a; path = a/libcairo.a; sourceTree = "<group>"; };
		D1F96EB7281CDBA300760A22 /* libpixman-1.a */ = {isa = PBXFileReference; lastKnownFileType = archive.ar; name = "libpixman-1.a"; path = "a/libpixman-1.a"; sourceTree = "<group>"; };
		D1F96EB9281CDBB600760A22 /* liblzma.tbd */ = {isa = PBXFileReference; lastKnownFileType = "sourcecode.text-based-dylib-definition"; name = liblzma.tbd; path = usr/lib/liblzma.tbd; sourceTree = SDKROOT; };
		D1F96EBB281CDC0000760A22 /* libfontconfig.a */ = {isa = PBXFileReference; lastKnownFileType = archive.ar; name = libfontconfig.a; path = a/libfontconfig.a; sourceTree = "<group>"; };
		D1F96EBE281CDC4700760A22 /* libtiff.a */ = {isa = PBXFileReference; lastKnownFileType = archive.ar; name = libtiff.a; path = a/libtiff.a; sourceTree = "<group>"; };
		D1F96EC0281CDC8200760A22 /* libexpat.tbd */ = {isa = PBXFileReference; lastKnownFileType = "sourcecode.text-based-dylib-definition"; name = libexpat.tbd; path = usr/lib/libexpat.tbd; sourceTree = SDKROOT; };
		D1F96EC2281CDD0700760A22 /* libpcre.tbd */ = {isa = PBXFileReference; lastKnownFileType = "sourcecode.text-based-dylib-definition"; name = libpcre.tbd; path = usr/lib/libpcre.tbd; sourceTree = SDKROOT; };
		D1F96EC4281CDE4400760A22 /* libpango-1.0.a */ = {isa = PBXFileReference; lastKnownFileType = archive.ar; name = "libpango-1.0.a"; path = "a/libpango-1.0.a"; sourceTree = "<group>"; };
		D1F96EC5281CDE4400760A22 /* libpangoft2-1.0.a */ = {isa = PBXFileReference; lastKnownFileType = archive.ar; name = "libpangoft2-1.0.a"; path = "a/libpangoft2-1.0.a"; sourceTree = "<group>"; };
		D1F96EC6281CDE4400760A22 /* libpangocairo-1.0.a */ = {isa = PBXFileReference; lastKnownFileType = archive.ar; name = "libpangocairo-1.0.a"; path = "a/libpangocairo-1.0.a"; sourceTree = "<group>"; };
		D1F96ECA281CDF0600760A22 /* libfribidi.a */ = {isa = PBXFileReference; lastKnownFileType = archive.ar; name = libfribidi.a; path = a/libfribidi.a; sourceTree = "<group>"; };
		D1F96ECC281CDF6900760A22 /* libharfbuzz.a */ = {isa = PBXFileReference; lastKnownFileType = archive.ar; name = libharfbuzz.a; path = a/libharfbuzz.a; sourceTree = "<group>"; };
		D1F96ECE281CDFBD00760A22 /* libharfbuzz-gobject.a */ = {isa = PBXFileReference; lastKnownFileType = archive.ar; name = "libharfbuzz-gobject.a"; path = "a/libharfbuzz-gobject.a"; sourceTree = "<group>"; };
		D1F96ED0281CDFFF00760A22 /* libharfbuzz-subset.a */ = {isa = PBXFileReference; lastKnownFileType = archive.ar; name = "libharfbuzz-subset.a"; path = "a/libharfbuzz-subset.a"; sourceTree = "<group>"; };
		D1F96ED2281CE07C00760A22 /* libgraphite2.3.dylib */ = {isa = PBXFileReference; lastKnownFileType = "compiled.mach-o.dylib"; name = libgraphite2.3.dylib; path = dylib/libgraphite2.3.dylib; sourceTree = "<group>"; };
		D1F96ED4281CE32C00760A22 /* libgraphite2.a */ = {isa = PBXFileReference; lastKnownFileType = archive.ar; name = libgraphite2.a; path = a/libgraphite2.a; sourceTree = "<group>"; };
		D1F96ED6281D05EB00760A22 /* libiconv.a */ = {isa = PBXFileReference; lastKnownFileType = archive.ar; name = libiconv.a; path = a/libiconv.a; sourceTree = "<group>"; };
/* End PBXFileReference section */

/* Begin PBXFrameworksBuildPhase section */
		D1482DBA1A67F4D00020E7AF /* Frameworks */ = {
			isa = PBXFrameworksBuildPhase;
			buildActionMask = 2147483647;
			files = (
				D1F96ED7281D05EB00760A22 /* libiconv.a in Frameworks */,
				D1F96ED5281CE32C00760A22 /* libgraphite2.a in Frameworks */,
				D1F96ECD281CDF6900760A22 /* libharfbuzz.a in Frameworks */,
				D1F96ECB281CDF0600760A22 /* libfribidi.a in Frameworks */,
				D1F96EC7281CDE4400760A22 /* libpango-1.0.a in Frameworks */,
				D1F96EC8281CDE4400760A22 /* libpangoft2-1.0.a in Frameworks */,
				D1F96EC9281CDE4400760A22 /* libpangocairo-1.0.a in Frameworks */,
				D1F96EBF281CDC4700760A22 /* libtiff.a in Frameworks */,
				D1F96EBD281CDC1300760A22 /* libfreetype.a in Frameworks */,
				D1F96EBC281CDC0000760A22 /* libfontconfig.a in Frameworks */,
				D1F96EB8281CDBA400760A22 /* libpixman-1.a in Frameworks */,
				D1F96EB6281CDB7300760A22 /* libcairo.a in Frameworks */,
				D1F96EB4281CDB5300760A22 /* libintl.a in Frameworks */,
				D1F96EB1281CDB2400760A22 /* libjpeg.a in Frameworks */,
				D1F96EB2281CDB2400760A22 /* libpng16.a in Frameworks */,
				D1F96EAB281CDAC600760A22 /* libcroco-0.6.a in Frameworks */,
				D1F96E99281CD98500760A22 /* libglib-2.0.a in Frameworks */,
				D1F96E9A281CD98500760A22 /* libgobject-2.0.a in Frameworks */,
				D1F96E9B281CD98500760A22 /* libgthread-2.0.a in Frameworks */,
				D1F96E9C281CD98500760A22 /* libgmodule-2.0.a in Frameworks */,
				D1F96E9D281CD98500760A22 /* libgio-2.0.a in Frameworks */,
				D1F96EA5281CDA4200760A22 /* libffi.a in Frameworks */,
				D1F96E86281CD91B00760A22 /* libgdk_pixbuf-2.0.a in Frameworks */,
				D1F96E87281CD91B00760A22 /* libstaticpixbufloader-tiff.a in Frameworks */,
				D1F96E88281CD91B00760A22 /* libstaticpixbufloader-ico.a in Frameworks */,
				D1F96E89281CD91B00760A22 /* libstaticpixbufloader-xpm.a in Frameworks */,
				D1F96E8A281CD91B00760A22 /* libstaticpixbufloader-icns.a in Frameworks */,
				D1F96E8B281CD91B00760A22 /* libstaticpixbufloader-xbm.a in Frameworks */,
				D1F96E8C281CD91B00760A22 /* libstaticpixbufloader-png.a in Frameworks */,
				D1F96E8D281CD91B00760A22 /* libstaticpixbufloader-gif.a in Frameworks */,
				D1F96E8E281CD91B00760A22 /* libstaticpixbufloader-ani.a in Frameworks */,
				D1F96E8F281CD91B00760A22 /* libstaticpixbufloader-tga.a in Frameworks */,
				D1F96E90281CD91B00760A22 /* libstaticpixbufloader-jpeg.a in Frameworks */,
				D1F96E91281CD91B00760A22 /* libstaticpixbufloader-pnm.a in Frameworks */,
				D1F96E92281CD91B00760A22 /* libstaticpixbufloader-qtif.a in Frameworks */,
				D1F96E93281CD91B00760A22 /* libstaticpixbufloader-bmp.a in Frameworks */,
				D1F96E77281CD8B600760A22 /* librsvg-2.a in Frameworks */,
				D1F96EC3281CDD0700760A22 /* libpcre.tbd in Frameworks */,
				D1F96EA9281CDAA100760A22 /* libxml2.tbd in Frameworks */,
				D1F96EBA281CDBB600760A22 /* liblzma.tbd in Frameworks */,
				D1F96EC1281CDC8200760A22 /* libexpat.tbd in Frameworks */,
				D1F96EA3281CDA3100760A22 /* libresolv.tbd in Frameworks */,
				D1C9E71922CF32A30061B7CD /* libz.tbd in Frameworks */,
				D1C9E71522CF328F0061B7CD /* libbz2.tbd in Frameworks */,
				D1F96EA7281CDA6200760A22 /* AppKit.framework in Frameworks */,
				D1F96EA1281CD9FE00760A22 /* CoreServices.framework in Frameworks */,
				D1A3F5B32045BECB005E972D /* Foundation.framework in Frameworks */,
				D1A3F5652045B85E005E972D /* CoreGraphics.framework in Frameworks */,
				D1A3F5672045B866005E972D /* CoreText.framework in Frameworks */,
			);
			runOnlyForDeploymentPostprocessing = 0;
		};
/* End PBXFrameworksBuildPhase section */

/* Begin PBXGroup section */
		D10CA322203FEEE90075B5C3 /* rsvg-convert */ = {
			isa = PBXGroup;
			children = (
				D10CA3522044581E0075B5C3 /* rsvg-convert.c */,
				D10CA3532044581E0075B5C3 /* rsvg-convert.h */,
				D1C9E70B22CF2FD70061B7CD /* rsvg-css.h */,
			);
			name = "rsvg-convert";
			path = "New Group";
			sourceTree = "<group>";
		};
		D1482DB41A67F4D00020E7AF = {
			isa = PBXGroup;
			children = (
				D1C9E71022CF32390061B7CD /* usr */,
				D10CA322203FEEE90075B5C3 /* rsvg-convert */,
				D1482E021A6805250020E7AF /* dylib */,
				D1482DBE1A67F4D00020E7AF /* Products */,
				D1A3F52520454C70005E972D /* Frameworks */,
			);
			sourceTree = "<group>";
		};
		D1482DBE1A67F4D00020E7AF /* Products */ = {
			isa = PBXGroup;
			children = (
				D1482DBD1A67F4D00020E7AF /* rsvg-convert */,
			);
			name = Products;
			sourceTree = "<group>";
		};
		D1482E021A6805250020E7AF /* dylib */ = {
			isa = PBXGroup;
			children = (
				D1CEC607234C660D009EA9F1 /* libcairo.2.dylib */,
				D1CEC60E234C660D009EA9F1 /* libcroco-0.6.3.dylib */,
				D1CEC601234C660D009EA9F1 /* libfontconfig.1.dylib */,
				D1CEC5F9234C660C009EA9F1 /* libfreetype.6.dylib */,
				D1CEC602234C660D009EA9F1 /* libgdk_pixbuf-2.0.0.dylib */,
				D1CEC60A234C660D009EA9F1 /* libgio-2.0.0.dylib */,
				D1CEC600234C660C009EA9F1 /* libglib-2.0.0.dylib */,
				D1CEC5F8234C660C009EA9F1 /* libgmodule-2.0.0.dylib */,
				D1CEC5FC234C660C009EA9F1 /* libgobject-2.0.0.dylib */,
				D1CEC608234C660D009EA9F1 /* libgthread-2.0.0.dylib */,
				D1CEC610234C660D009EA9F1 /* libharfbuzz.0.dylib */,
				D1CEC603234C660D009EA9F1 /* libintl.8.dylib */,
				D1CEC5FE234C660C009EA9F1 /* libjpeg.9.dylib */,
				D1CEC609234C660D009EA9F1 /* liblzma.5.dylib */,
				D1CEC604234C660D009EA9F1 /* libpango-1.0.0.dylib */,
				D1CEC605234C660D009EA9F1 /* libpangocairo-1.0.0.dylib */,
				D1CEC60D234C660D009EA9F1 /* libpangoft2-1.0.0.dylib */,
				D1CEC606234C660D009EA9F1 /* libpcre.1.dylib */,
				D1CEC60C234C660D009EA9F1 /* libpixman-1.0.dylib */,
				D1CEC5FF234C660C009EA9F1 /* libpng16.16.dylib */,
				D1CEC5FB234C660C009EA9F1 /* librsvg-2.2.dylib */,
				D1CEC60B234C660D009EA9F1 /* libtiff.5.dylib */,
				D1CEC60F234C660D009EA9F1 /* libxml2.2.dylib */,
			);
			name = dylib;
			sourceTree = "<group>";
		};
		D1A3F52520454C70005E972D /* Frameworks */ = {
			isa = PBXGroup;
			children = (
				D1F96ED6281D05EB00760A22 /* libiconv.a */,
				D1F96ED4281CE32C00760A22 /* libgraphite2.a */,
				D1F96ED2281CE07C00760A22 /* libgraphite2.3.dylib */,
				D1F96ED0281CDFFF00760A22 /* libharfbuzz-subset.a */,
				D1F96ECE281CDFBD00760A22 /* libharfbuzz-gobject.a */,
				D1F96ECC281CDF6900760A22 /* libharfbuzz.a */,
				D1F96ECA281CDF0600760A22 /* libfribidi.a */,
				D1F96EC4281CDE4400760A22 /* libpango-1.0.a */,
				D1F96EC6281CDE4400760A22 /* libpangocairo-1.0.a */,
				D1F96EC5281CDE4400760A22 /* libpangoft2-1.0.a */,
				D1F96EC2281CDD0700760A22 /* libpcre.tbd */,
				D1F96EC0281CDC8200760A22 /* libexpat.tbd */,
				D1F96EBE281CDC4700760A22 /* libtiff.a */,
				D1F96EBB281CDC0000760A22 /* libfontconfig.a */,
				D1F96EB9281CDBB600760A22 /* liblzma.tbd */,
				D1F96EB7281CDBA300760A22 /* libpixman-1.a */,
				D1F96EB5281CDB7300760A22 /* libcairo.a */,
				D1F96EB3281CDB5300760A22 /* libintl.a */,
				D1F96EAD281CDB2400760A22 /* libfreetype.a */,
				D1F96EAE281CDB2400760A22 /* libjpeg.a */,
				D1F96EAF281CDB2400760A22 /* libpng16.a */,
				D1F96EAA281CDAC600760A22 /* libcroco-0.6.a */,
				D1F96EA8281CDAA100760A22 /* libxml2.tbd */,
				D1F96EA6281CDA6200760A22 /* AppKit.framework */,
				D1F96EA4281CDA4200760A22 /* libffi.a */,
				D1F96EA2281CDA3100760A22 /* libresolv.tbd */,
				D1F96EA0281CD9FE00760A22 /* CoreServices.framework */,
				D1F96E9E281CD9AF00760A22 /* CoreFoundation.framework */,
				D1F96E98281CD98500760A22 /* libgio-2.0.a */,
				D1F96E94281CD98500760A22 /* libglib-2.0.a */,
				D1F96E97281CD98500760A22 /* libgmodule-2.0.a */,
				D1F96E95281CD98500760A22 /* libgobject-2.0.a */,
				D1F96E96281CD98500760A22 /* libgthread-2.0.a */,
				D1F96E78281CD91A00760A22 /* libgdk_pixbuf-2.0.a */,
				D1F96E80281CD91A00760A22 /* libstaticpixbufloader-ani.a */,
				D1F96E85281CD91A00760A22 /* libstaticpixbufloader-bmp.a */,
				D1F96E7F281CD91A00760A22 /* libstaticpixbufloader-gif.a */,
				D1F96E7C281CD91A00760A22 /* libstaticpixbufloader-icns.a */,
				D1F96E7A281CD91A00760A22 /* libstaticpixbufloader-ico.a */,
				D1F96E82281CD91A00760A22 /* libstaticpixbufloader-jpeg.a */,
				D1F96E7E281CD91A00760A22 /* libstaticpixbufloader-png.a */,
				D1F96E83281CD91A00760A22 /* libstaticpixbufloader-pnm.a */,
				D1F96E84281CD91A00760A22 /* libstaticpixbufloader-qtif.a */,
				D1F96E81281CD91A00760A22 /* libstaticpixbufloader-tga.a */,
				D1F96E79281CD91A00760A22 /* libstaticpixbufloader-tiff.a */,
				D1F96E7D281CD91A00760A22 /* libstaticpixbufloader-xbm.a */,
				D1F96E7B281CD91A00760A22 /* libstaticpixbufloader-xpm.a */,
				D1F96E76281CD8B600760A22 /* librsvg-2.a */,
				D1C9E71822CF32A30061B7CD /* libz.tbd */,
				D1C9E71622CF32990061B7CD /* libiconv.tbd */,
				D1C9E71422CF328F0061B7CD /* libbz2.tbd */,
				D1A3F5B22045BECB005E972D /* Foundation.framework */,
				D1A3F5662045B866005E972D /* CoreText.framework */,
				D1A3F5642045B85E005E972D /* CoreGraphics.framework */,
			);
			name = Frameworks;
			sourceTree = "<group>";
		};
		D1C9E71022CF32390061B7CD /* usr */ = {
			isa = PBXGroup;
			children = (
				D1C9E71B22CF32A60061B7CD /* libz.tbd */,
				D1C9E71C22CF32A60061B7CD /* libiconv.tbd */,
				D1C9E71A22CF32A60061B7CD /* libbz2.tbd */,
			);
			name = usr;
			sourceTree = "<group>";
		};
/* End PBXGroup section */

/* Begin PBXNativeTarget section */
		D1482DBC1A67F4D00020E7AF /* rsvg-convert */ = {
			isa = PBXNativeTarget;
			buildConfigurationList = D1482DC41A67F4D00020E7AF /* Build configuration list for PBXNativeTarget "rsvg-convert" */;
			buildPhases = (
				D1482DB91A67F4D00020E7AF /* Sources */,
				D1482DBA1A67F4D00020E7AF /* Frameworks */,
				D1482DBB1A67F4D00020E7AF /* CopyFiles */,
				D1C0CD7328170CC100865C5A /* ShellScript */,
			);
			buildRules = (
			);
			dependencies = (
			);
			name = "rsvg-convert";
			productName = wasvgtopdf;
			productReference = D1482DBD1A67F4D00020E7AF /* rsvg-convert */;
			productType = "com.apple.product-type.tool";
		};
/* End PBXNativeTarget section */

/* Begin PBXProject section */
		D1482DB51A67F4D00020E7AF /* Project object */ = {
			isa = PBXProject;
			attributes = {
				LastUpgradeCheck = 0610;
				ORGANIZATIONNAME = miyako;
				TargetAttributes = {
					D1482DBC1A67F4D00020E7AF = {
						CreatedOnToolsVersion = 6.1.1;
						DevelopmentTeam = Y69CWUC25B;
						ProvisioningStyle = Manual;
					};
				};
			};
			buildConfigurationList = D1482DB81A67F4D00020E7AF /* Build configuration list for PBXProject "rsvg-convert" */;
			compatibilityVersion = "Xcode 3.2";
			developmentRegion = English;
			hasScannedForEncodings = 0;
			knownRegions = (
				English,
				en,
			);
			mainGroup = D1482DB41A67F4D00020E7AF;
			productRefGroup = D1482DBE1A67F4D00020E7AF /* Products */;
			projectDirPath = "";
			projectRoot = "";
			targets = (
				D1482DBC1A67F4D00020E7AF /* rsvg-convert */,
			);
		};
/* End PBXProject section */

/* Begin PBXShellScriptBuildPhase section */
		D1C0CD7328170CC100865C5A /* ShellScript */ = {
			isa = PBXShellScriptBuildPhase;
			buildActionMask = 2147483647;
			files = (
			);
			inputFileListPaths = (
			);
			inputPaths = (
			);
			outputFileListPaths = (
			);
			outputPaths = (
			);
			runOnlyForDeploymentPostprocessing = 0;
			shellPath = /bin/sh;
			shellScript = "if test \"$CONFIGURATION\" == 'Release'; then\n\n    USER_NAME=keisuke.miyako@4d.com\n    UUID=`uuidgen | tr -d - | tr -d '\\n' | tr '[:upper:]' '[:lower:]'`\n    DEVELOPER_ID=`security find-identity -p codesigning -v | egrep 'Developer ID Application[^\"]+' -o`\n    PRODUCT_PATH=\"$CODESIGNING_FOLDER_PATH\"\n    \n    #clean\n    xattr -cr \"$PRODUCT_PATH\"\n    codesign --remove-signature \"$PRODUCT_PATH\"\n    \n    #sign\n    codesign --verbose --deep --timestamp --force --sign \"$DEVELOPER_ID\" \"$PRODUCT_PATH\" --options=runtime \n    \n    #archive\n    DMG_PATH=\"$PROJECT_DIR/$PRODUCT_NAME.dmg\"\n    ZIP_PATH=\"$PROJECT_DIR/$PRODUCT_NAME.zip\" #for windows\n    rm -f \"$DMG_PATH\"\n    hdiutil create -format UDBZ -plist -srcfolder \"$PRODUCT_PATH\" \"$DMG_PATH\"\n    rm -f \"$ZIP_PATH\"\n    ditto -c -k --keepParent \"$PRODUCT_PATH\" \"$ZIP_PATH\"\n    \n    xcrun notarytool submit \"$ZIP_PATH\" --keychain-profile \"notarytool\" --wait\n    xcrun notarytool submit \"$DMG_PATH\" --keychain-profile \"notarytool\" --wait\n        \n    xcrun stapler staple \"$DMG_PATH\"\n\nelse\n    echo \"No notarization performed as this is not a release build.\"\nfi\n";
		};
/* End PBXShellScriptBuildPhase section */

/* Begin PBXSourcesBuildPhase section */
		D1482DB91A67F4D00020E7AF /* Sources */ = {
			isa = PBXSourcesBuildPhase;
			buildActionMask = 2147483647;
			files = (
				D10CA3542044581E0075B5C3 /* rsvg-convert.c in Sources */,
			);
			runOnlyForDeploymentPostprocessing = 0;
		};
/* End PBXSourcesBuildPhase section */

/* Begin XCBuildConfiguration section */
		D1482DC21A67F4D00020E7AF /* Debug */ = {
			isa = XCBuildConfiguration;
			buildSettings = {
				ALWAYS_SEARCH_USER_PATHS = NO;
				ARCHS = "$(ARCHS_STANDARD)";
				CLANG_CXX_LANGUAGE_STANDARD = "gnu++0x";
				CLANG_CXX_LIBRARY = "libc++";
				CLANG_ENABLE_MODULES = YES;
				CLANG_ENABLE_OBJC_ARC = YES;
				CLANG_WARN_BOOL_CONVERSION = YES;
				CLANG_WARN_CONSTANT_CONVERSION = YES;
				CLANG_WARN_DIRECT_OBJC_ISA_USAGE = YES_ERROR;
				CLANG_WARN_EMPTY_BODY = YES;
				CLANG_WARN_ENUM_CONVERSION = YES;
				CLANG_WARN_INT_CONVERSION = YES;
				CLANG_WARN_OBJC_ROOT_CLASS = YES_ERROR;
				CLANG_WARN_UNREACHABLE_CODE = YES;
				CLANG_WARN__DUPLICATE_METHOD_MATCH = YES;
				CODE_SIGN_INJECT_BASE_ENTITLEMENTS = NO;
				CODE_SIGN_STYLE = Manual;
				COPY_PHASE_STRIP = NO;
				DEBUG_INFORMATION_FORMAT = "dwarf-with-dsym";
				DEVELOPMENT_TEAM = Y69CWUC25B;
				ENABLE_STRICT_OBJC_MSGSEND = YES;
				GCC_C_LANGUAGE_STANDARD = gnu99;
				GCC_DYNAMIC_NO_PIC = NO;
				GCC_OPTIMIZATION_LEVEL = 0;
				GCC_PREPROCESSOR_DEFINITIONS = (
					"DEBUG=1",
					"$(inherited)",
				);
				GCC_PREPROCESSOR_DEFINITIONS_NOT_USED_IN_PRECOMPS = "";
				GCC_SYMBOLS_PRIVATE_EXTERN = NO;
				GCC_WARN_64_TO_32_BIT_CONVERSION = YES;
				GCC_WARN_ABOUT_RETURN_TYPE = YES_ERROR;
				GCC_WARN_UNDECLARED_SELECTOR = YES;
				GCC_WARN_UNINITIALIZED_AUTOS = YES_AGGRESSIVE;
				GCC_WARN_UNUSED_FUNCTION = YES;
				GCC_WARN_UNUSED_VARIABLE = YES;
				HEADER_SEARCH_PATHS = "${PROJECT_DIR}/include/mac/**";
				LIBRARY_SEARCH_PATHS = (
					"$(inherited)",
					"$(PROJECT_DIR)/dylib",
					"$(PROJECT_DIR)/a",
				);
				MACOSX_DEPLOYMENT_TARGET = 10.10;
				MTL_ENABLE_DEBUG_INFO = YES;
				ONLY_ACTIVE_ARCH = NO;
				SDKROOT = macosx;
				SYMROOT = "$(PROJECT_DIR)";
				USER_HEADER_SEARCH_PATHS = "${PROJECT_DIR}/include/mac/**";
			};
			name = Debug;
		};
		D1482DC31A67F4D00020E7AF /* Release */ = {
			isa = XCBuildConfiguration;
			buildSettings = {
				ALWAYS_SEARCH_USER_PATHS = NO;
				ARCHS = "$(ARCHS_STANDARD)";
				CLANG_CXX_LANGUAGE_STANDARD = "gnu++0x";
				CLANG_CXX_LIBRARY = "libc++";
				CLANG_ENABLE_MODULES = YES;
				CLANG_ENABLE_OBJC_ARC = YES;
				CLANG_WARN_BOOL_CONVERSION = YES;
				CLANG_WARN_CONSTANT_CONVERSION = YES;
				CLANG_WARN_DIRECT_OBJC_ISA_USAGE = YES_ERROR;
				CLANG_WARN_EMPTY_BODY = YES;
				CLANG_WARN_ENUM_CONVERSION = YES;
				CLANG_WARN_INT_CONVERSION = YES;
				CLANG_WARN_OBJC_ROOT_CLASS = YES_ERROR;
				CLANG_WARN_UNREACHABLE_CODE = YES;
				CLANG_WARN__DUPLICATE_METHOD_MATCH = YES;
				CODE_SIGN_INJECT_BASE_ENTITLEMENTS = NO;
				CODE_SIGN_STYLE = Manual;
				COPY_PHASE_STRIP = YES;
				DEBUG_INFORMATION_FORMAT = dwarf;
				DEVELOPMENT_TEAM = Y69CWUC25B;
				ENABLE_NS_ASSERTIONS = NO;
				ENABLE_STRICT_OBJC_MSGSEND = YES;
				GCC_C_LANGUAGE_STANDARD = gnu99;
				GCC_PREPROCESSOR_DEFINITIONS_NOT_USED_IN_PRECOMPS = "";
				GCC_WARN_64_TO_32_BIT_CONVERSION = YES;
				GCC_WARN_ABOUT_RETURN_TYPE = YES_ERROR;
				GCC_WARN_UNDECLARED_SELECTOR = YES;
				GCC_WARN_UNINITIALIZED_AUTOS = YES_AGGRESSIVE;
				GCC_WARN_UNUSED_FUNCTION = YES;
				GCC_WARN_UNUSED_VARIABLE = YES;
				HEADER_SEARCH_PATHS = "${PROJECT_DIR}/include/mac/**";
				LIBRARY_SEARCH_PATHS = (
					"$(inherited)",
					"$(PROJECT_DIR)/dylib",
					"$(PROJECT_DIR)/a",
				);
				MACOSX_DEPLOYMENT_TARGET = 10.10;
				MTL_ENABLE_DEBUG_INFO = NO;
				ONLY_ACTIVE_ARCH = NO;
				SDKROOT = macosx;
				SYMROOT = "$(PROJECT_DIR)";
				USER_HEADER_SEARCH_PATHS = "${PROJECT_DIR}/include/mac/**";
			};
			name = Release;
		};
		D1482DC51A67F4D00020E7AF /* Debug */ = {
			isa = XCBuildConfiguration;
			buildSettings = {
				CODE_SIGN_IDENTITY = "";
				CODE_SIGN_STYLE = Manual;
				CONFIGURATION_BUILD_DIR = "$(PROJECT_DIR)/dylib";
				DEBUG_INFORMATION_FORMAT = "dwarf-with-dsym";
				DEVELOPMENT_TEAM = Y69CWUC25B;
				GCC_PREPROCESSOR_DEFINITIONS_NOT_USED_IN_PRECOMPS = "";
				LIBRARY_SEARCH_PATHS = (
					"$(inherited)",
					"$(PROJECT_DIR)/dylib",
					"$(PROJECT_DIR)/a",
				);
				MACOSX_DEPLOYMENT_TARGET = 10.9;
				ONLY_ACTIVE_ARCH = NO;
				PRODUCT_NAME = "rsvg-convert";
				PROVISIONING_PROFILE_SPECIFIER = "";
				USER_HEADER_SEARCH_PATHS = "${PROJECT_DIR}/include/mac/**";
			};
			name = Debug;
		};
		D1482DC61A67F4D00020E7AF /* Release */ = {
			isa = XCBuildConfiguration;
			buildSettings = {
				CODE_SIGN_IDENTITY = "";
				CODE_SIGN_STYLE = Manual;
				CONFIGURATION_BUILD_DIR = "$(PROJECT_DIR)/dylib";
				DEBUG_INFORMATION_FORMAT = dwarf;
				DEVELOPMENT_TEAM = Y69CWUC25B;
				GCC_PREPROCESSOR_DEFINITIONS_NOT_USED_IN_PRECOMPS = "";
				LIBRARY_SEARCH_PATHS = (
					"$(inherited)",
					"$(PROJECT_DIR)/dylib",
					"$(PROJECT_DIR)/a",
				);
				MACOSX_DEPLOYMENT_TARGET = 10.9;
				ONLY_ACTIVE_ARCH = NO;
				PRODUCT_NAME = "rsvg-convert";
				PROVISIONING_PROFILE_SPECIFIER = "";
				USER_HEADER_SEARCH_PATHS = "${PROJECT_DIR}/include/mac/**";
			};
			name = Release;
		};
/* End XCBuildConfiguration section */

/* Begin XCConfigurationList section */
		D1482DB81A67F4D00020E7AF /* Build configuration list for PBXProject "rsvg-convert" */ = {
			isa = XCConfigurationList;
			buildConfigurations = (
				D1482DC21A67F4D00020E7AF /* Debug */,
				D1482DC31A67F4D00020E7AF /* Release */,
			);
			defaultConfigurationIsVisible = 0;
			defaultConfigurationName = Release;
		};
		D1482DC41A67F4D00020E7AF /* Build configuration list for PBXNativeTarget "rsvg-convert" */ = {
			isa = XCConfigurationList;
			buildConfigurations = (
				D1482DC51A67F4D00020E7AF /* Debug */,
				D1482DC61A67F4D00020E7AF /* Release */,
			);
			defaultConfigurationIsVisible = 0;
			defaultConfigurationName = Release;
		};
/* End XCConfigurationList section */
	};
	rootObject = D1482DB51A67F4D00020E7AF /* Project object */;
}
