// !$*UTF8*$!
{
	archiveVersion = 1;
	classes = {
	};
	objectVersion = 46;
	objects = {

/* Begin PBXBuildFile section */
		D10CA3542044581E0075B5C3 /* rsvg-convert.c in Sources */ = {isa = PBXBuildFile; fileRef = D10CA3522044581E0075B5C3 /* rsvg-convert.c */; };
		D14044F7234EEB3200928A42 /* libgthread-2.0.a in Frameworks */ = {isa = PBXBuildFile; fileRef = D14044F5234EEB3200928A42 /* libgthread-2.0.a */; };
		D14044F8234EEB3200928A42 /* libgmodule-2.0.a in Frameworks */ = {isa = PBXBuildFile; fileRef = D14044F6234EEB3200928A42 /* libgmodule-2.0.a */; };
		D14044FA234EEBA500928A42 /* Cocoa.framework in Frameworks */ = {isa = PBXBuildFile; fileRef = D14044F9234EEBA500928A42 /* Cocoa.framework */; };
		D140450A234EF97C00928A42 /* libintl.a in Frameworks */ = {isa = PBXBuildFile; fileRef = D1404508234EF97C00928A42 /* libintl.a */; };
		D140450B234EF97C00928A42 /* libintl.g.a in Frameworks */ = {isa = PBXBuildFile; fileRef = D1404509234EF97C00928A42 /* libintl.g.a */; };
		D140450D234EFA5A00928A42 /* libgdk_pixbuf-2.0.0.dylib in Frameworks */ = {isa = PBXBuildFile; fileRef = D140450C234EFA5A00928A42 /* libgdk_pixbuf-2.0.0.dylib */; };
		D1A3F5652045B85E005E972D /* CoreGraphics.framework in Frameworks */ = {isa = PBXBuildFile; fileRef = D1A3F5642045B85E005E972D /* CoreGraphics.framework */; };
		D1A3F5672045B866005E972D /* CoreText.framework in Frameworks */ = {isa = PBXBuildFile; fileRef = D1A3F5662045B866005E972D /* CoreText.framework */; };
		D1A3F5B32045BECB005E972D /* Foundation.framework in Frameworks */ = {isa = PBXBuildFile; fileRef = D1A3F5B22045BECB005E972D /* Foundation.framework */; };
		D1C9E71522CF328F0061B7CD /* libbz2.tbd in Frameworks */ = {isa = PBXBuildFile; fileRef = D1C9E71422CF328F0061B7CD /* libbz2.tbd */; };
		D1C9E71922CF32A30061B7CD /* libz.tbd in Frameworks */ = {isa = PBXBuildFile; fileRef = D1C9E71822CF32A30061B7CD /* libz.tbd */; };
		D1CEC62B234CB92F009EA9F1 /* librsvg-2.a in Frameworks */ = {isa = PBXBuildFile; fileRef = D1CEC62A234CB92F009EA9F1 /* librsvg-2.a */; };
		D1CEC640234CBAB5009EA9F1 /* libcairo.a in Frameworks */ = {isa = PBXBuildFile; fileRef = D1CEC62C234CBAB3009EA9F1 /* libcairo.a */; };
		D1CEC642234CBAB5009EA9F1 /* libharfbuzz.a in Frameworks */ = {isa = PBXBuildFile; fileRef = D1CEC62E234CBAB4009EA9F1 /* libharfbuzz.a */; };
		D1CEC643234CBAB5009EA9F1 /* libfontconfig.a in Frameworks */ = {isa = PBXBuildFile; fileRef = D1CEC62F234CBAB4009EA9F1 /* libfontconfig.a */; };
		D1CEC644234CBAB5009EA9F1 /* libgobject-2.0.a in Frameworks */ = {isa = PBXBuildFile; fileRef = D1CEC630234CBAB4009EA9F1 /* libgobject-2.0.a */; };
		D1CEC645234CBAB5009EA9F1 /* libpangocairo-1.0.a in Frameworks */ = {isa = PBXBuildFile; fileRef = D1CEC631234CBAB4009EA9F1 /* libpangocairo-1.0.a */; };
		D1CEC646234CBAB5009EA9F1 /* libpixman-1.a in Frameworks */ = {isa = PBXBuildFile; fileRef = D1CEC632234CBAB4009EA9F1 /* libpixman-1.a */; };
		D1CEC647234CBAB5009EA9F1 /* libxml2.a in Frameworks */ = {isa = PBXBuildFile; fileRef = D1CEC633234CBAB4009EA9F1 /* libxml2.a */; };
		D1CEC648234CBAB5009EA9F1 /* libgio-2.0.a in Frameworks */ = {isa = PBXBuildFile; fileRef = D1CEC634234CBAB4009EA9F1 /* libgio-2.0.a */; };
		D1CEC649234CBAB5009EA9F1 /* libglib-2.0.a in Frameworks */ = {isa = PBXBuildFile; fileRef = D1CEC635234CBAB4009EA9F1 /* libglib-2.0.a */; };
		D1CEC64A234CBAB5009EA9F1 /* libpango-1.0.a in Frameworks */ = {isa = PBXBuildFile; fileRef = D1CEC636234CBAB4009EA9F1 /* libpango-1.0.a */; };
		D1CEC64B234CBAB5009EA9F1 /* libpcre.a in Frameworks */ = {isa = PBXBuildFile; fileRef = D1CEC637234CBAB4009EA9F1 /* libpcre.a */; };
		D1CEC64C234CBAB5009EA9F1 /* libjpeg.a in Frameworks */ = {isa = PBXBuildFile; fileRef = D1CEC638234CBAB4009EA9F1 /* libjpeg.a */; };
		D1CEC64D234CBAB5009EA9F1 /* libcroco-0.6.a in Frameworks */ = {isa = PBXBuildFile; fileRef = D1CEC639234CBAB4009EA9F1 /* libcroco-0.6.a */; };
		D1CEC64E234CBAB5009EA9F1 /* libfreetype.a in Frameworks */ = {isa = PBXBuildFile; fileRef = D1CEC63A234CBAB4009EA9F1 /* libfreetype.a */; };
		D1CEC64F234CBAB5009EA9F1 /* liblzma.a in Frameworks */ = {isa = PBXBuildFile; fileRef = D1CEC63B234CBAB4009EA9F1 /* liblzma.a */; };
		D1CEC650234CBAB5009EA9F1 /* libpangoft2-1.0.a in Frameworks */ = {isa = PBXBuildFile; fileRef = D1CEC63C234CBAB4009EA9F1 /* libpangoft2-1.0.a */; };
		D1CEC651234CBAB5009EA9F1 /* libpng16.a in Frameworks */ = {isa = PBXBuildFile; fileRef = D1CEC63D234CBAB4009EA9F1 /* libpng16.a */; };
		D1CEC652234CBAB5009EA9F1 /* libffi.a in Frameworks */ = {isa = PBXBuildFile; fileRef = D1CEC63E234CBAB4009EA9F1 /* libffi.a */; };
		D1CEC653234CBAB5009EA9F1 /* libtiff.a in Frameworks */ = {isa = PBXBuildFile; fileRef = D1CEC63F234CBAB4009EA9F1 /* libtiff.a */; };
		D1CEC659234CBB2C009EA9F1 /* CoreServices.framework in Frameworks */ = {isa = PBXBuildFile; fileRef = D1CEC658234CBB2C009EA9F1 /* CoreServices.framework */; };
		D1CEC65B234CBB78009EA9F1 /* libresolv.tbd in Frameworks */ = {isa = PBXBuildFile; fileRef = D1CEC65A234CBB78009EA9F1 /* libresolv.tbd */; };
		D1CEC65D234CBBB6009EA9F1 /* libexpat.tbd in Frameworks */ = {isa = PBXBuildFile; fileRef = D1CEC65C234CBBB6009EA9F1 /* libexpat.tbd */; };
		D1CEC65F234CBD28009EA9F1 /* libgraphite2.a in Frameworks */ = {isa = PBXBuildFile; fileRef = D1CEC65E234CBD28009EA9F1 /* libgraphite2.a */; };
		D1CEC661234CBD45009EA9F1 /* libfribidi.a in Frameworks */ = {isa = PBXBuildFile; fileRef = D1CEC660234CBD45009EA9F1 /* libfribidi.a */; };
		D1CEC662234CBD58009EA9F1 /* libiconv.a in Frameworks */ = {isa = PBXBuildFile; fileRef = D1CEC654234CBAE3009EA9F1 /* libiconv.a */; };
/* End PBXBuildFile section */

/* Begin PBXCopyFilesBuildPhase section */
		D1482DBB1A67F4D00020E7AF /* CopyFiles */ = {
			isa = PBXCopyFilesBuildPhase;
			buildActionMask = 2147483647;
			dstPath = /usr/share/man/man1/;
			dstSubfolderSpec = 0;
			files = (
			);
			runOnlyForDeploymentPostprocessing = 1;
		};
/* End PBXCopyFilesBuildPhase section */

/* Begin PBXFileReference section */
		D10CA3522044581E0075B5C3 /* rsvg-convert.c */ = {isa = PBXFileReference; explicitFileType = sourcecode.cpp.objcpp; fileEncoding = 4; path = "rsvg-convert.c"; sourceTree = SOURCE_ROOT; };
		D10CA3532044581E0075B5C3 /* rsvg-convert.h */ = {isa = PBXFileReference; fileEncoding = 4; lastKnownFileType = sourcecode.c.h; path = "rsvg-convert.h"; sourceTree = SOURCE_ROOT; };
		D14044F5234EEB3200928A42 /* libgthread-2.0.a */ = {isa = PBXFileReference; lastKnownFileType = archive.ar; name = "libgthread-2.0.a"; path = "a/libgthread-2.0.a"; sourceTree = "<group>"; };
		D14044F6234EEB3200928A42 /* libgmodule-2.0.a */ = {isa = PBXFileReference; lastKnownFileType = archive.ar; name = "libgmodule-2.0.a"; path = "a/libgmodule-2.0.a"; sourceTree = "<group>"; };
		D14044F9234EEBA500928A42 /* Cocoa.framework */ = {isa = PBXFileReference; lastKnownFileType = wrapper.framework; name = Cocoa.framework; path = System/Library/Frameworks/Cocoa.framework; sourceTree = SDKROOT; };
		D1404508234EF97C00928A42 /* libintl.a */ = {isa = PBXFileReference; lastKnownFileType = archive.ar; name = libintl.a; path = a/libintl.a; sourceTree = "<group>"; };
		D1404509234EF97C00928A42 /* libintl.g.a */ = {isa = PBXFileReference; lastKnownFileType = archive.ar; name = libintl.g.a; path = a/libintl.g.a; sourceTree = "<group>"; };
		D140450C234EFA5A00928A42 /* libgdk_pixbuf-2.0.0.dylib */ = {isa = PBXFileReference; lastKnownFileType = "compiled.mach-o.dylib"; name = "libgdk_pixbuf-2.0.0.dylib"; path = "dylib/libgdk_pixbuf-2.0.0.dylib"; sourceTree = "<group>"; };
		D1482DBD1A67F4D00020E7AF /* rsvg-convert */ = {isa = PBXFileReference; explicitFileType = "compiled.mach-o.executable"; includeInIndex = 0; path = "rsvg-convert"; sourceTree = BUILT_PRODUCTS_DIR; };
		D1A3F5642045B85E005E972D /* CoreGraphics.framework */ = {isa = PBXFileReference; lastKnownFileType = wrapper.framework; name = CoreGraphics.framework; path = System/Library/Frameworks/CoreGraphics.framework; sourceTree = SDKROOT; };
		D1A3F5662045B866005E972D /* CoreText.framework */ = {isa = PBXFileReference; lastKnownFileType = wrapper.framework; name = CoreText.framework; path = System/Library/Frameworks/CoreText.framework; sourceTree = SDKROOT; };
		D1A3F5B22045BECB005E972D /* Foundation.framework */ = {isa = PBXFileReference; lastKnownFileType = wrapper.framework; name = Foundation.framework; path = System/Library/Frameworks/Foundation.framework; sourceTree = SDKROOT; };
		D1C9E70B22CF2FD70061B7CD /* rsvg-css.h */ = {isa = PBXFileReference; lastKnownFileType = sourcecode.c.h; name = "rsvg-css.h"; path = "include/librsvg-2.0/librsvg/rsvg-css.h"; sourceTree = SOURCE_ROOT; };
		D1C9E71422CF328F0061B7CD /* libbz2.tbd */ = {isa = PBXFileReference; lastKnownFileType = "sourcecode.text-based-dylib-definition"; name = libbz2.tbd; path = usr/lib/libbz2.tbd; sourceTree = SDKROOT; };
		D1C9E71622CF32990061B7CD /* libiconv.tbd */ = {isa = PBXFileReference; lastKnownFileType = "sourcecode.text-based-dylib-definition"; name = libiconv.tbd; path = usr/lib/libiconv.tbd; sourceTree = SDKROOT; };
		D1C9E71822CF32A30061B7CD /* libz.tbd */ = {isa = PBXFileReference; lastKnownFileType = "sourcecode.text-based-dylib-definition"; name = libz.tbd; path = usr/lib/libz.tbd; sourceTree = SDKROOT; };
		D1C9E71A22CF32A60061B7CD /* libbz2.tbd */ = {isa = PBXFileReference; lastKnownFileType = "sourcecode.text-based-dylib-definition"; name = libbz2.tbd; path = usr/lib/libbz2.tbd; sourceTree = SDKROOT; };
		D1C9E71B22CF32A60061B7CD /* libz.tbd */ = {isa = PBXFileReference; lastKnownFileType = "sourcecode.text-based-dylib-definition"; name = libz.tbd; path = usr/lib/libz.tbd; sourceTree = SDKROOT; };
		D1C9E71C22CF32A60061B7CD /* libiconv.tbd */ = {isa = PBXFileReference; lastKnownFileType = "sourcecode.text-based-dylib-definition"; name = libiconv.tbd; path = usr/lib/libiconv.tbd; sourceTree = SDKROOT; };
		D1CEC62A234CB92F009EA9F1 /* librsvg-2.a */ = {isa = PBXFileReference; lastKnownFileType = archive.ar; name = "librsvg-2.a"; path = "a/librsvg-2.a"; sourceTree = "<group>"; };
		D1CEC62C234CBAB3009EA9F1 /* libcairo.a */ = {isa = PBXFileReference; lastKnownFileType = archive.ar; name = libcairo.a; path = a/libcairo.a; sourceTree = "<group>"; };
		D1CEC62E234CBAB4009EA9F1 /* libharfbuzz.a */ = {isa = PBXFileReference; lastKnownFileType = archive.ar; name = libharfbuzz.a; path = a/libharfbuzz.a; sourceTree = "<group>"; };
		D1CEC62F234CBAB4009EA9F1 /* libfontconfig.a */ = {isa = PBXFileReference; lastKnownFileType = archive.ar; name = libfontconfig.a; path = a/libfontconfig.a; sourceTree = "<group>"; };
		D1CEC630234CBAB4009EA9F1 /* libgobject-2.0.a */ = {isa = PBXFileReference; lastKnownFileType = archive.ar; name = "libgobject-2.0.a"; path = "a/libgobject-2.0.a"; sourceTree = "<group>"; };
		D1CEC631234CBAB4009EA9F1 /* libpangocairo-1.0.a */ = {isa = PBXFileReference; lastKnownFileType = archive.ar; name = "libpangocairo-1.0.a"; path = "a/libpangocairo-1.0.a"; sourceTree = "<group>"; };
		D1CEC632234CBAB4009EA9F1 /* libpixman-1.a */ = {isa = PBXFileReference; lastKnownFileType = archive.ar; name = "libpixman-1.a"; path = "a/libpixman-1.a"; sourceTree = "<group>"; };
		D1CEC633234CBAB4009EA9F1 /* libxml2.a */ = {isa = PBXFileReference; lastKnownFileType = archive.ar; name = libxml2.a; path = a/libxml2.a; sourceTree = "<group>"; };
		D1CEC634234CBAB4009EA9F1 /* libgio-2.0.a */ = {isa = PBXFileReference; lastKnownFileType = archive.ar; name = "libgio-2.0.a"; path = "a/libgio-2.0.a"; sourceTree = "<group>"; };
		D1CEC635234CBAB4009EA9F1 /* libglib-2.0.a */ = {isa = PBXFileReference; lastKnownFileType = archive.ar; name = "libglib-2.0.a"; path = "a/libglib-2.0.a"; sourceTree = "<group>"; };
		D1CEC636234CBAB4009EA9F1 /* libpango-1.0.a */ = {isa = PBXFileReference; lastKnownFileType = archive.ar; name = "libpango-1.0.a"; path = "a/libpango-1.0.a"; sourceTree = "<group>"; };
		D1CEC637234CBAB4009EA9F1 /* libpcre.a */ = {isa = PBXFileReference; lastKnownFileType = archive.ar; name = libpcre.a; path = a/libpcre.a; sourceTree = "<group>"; };
		D1CEC638234CBAB4009EA9F1 /* libjpeg.a */ = {isa = PBXFileReference; lastKnownFileType = archive.ar; name = libjpeg.a; path = a/libjpeg.a; sourceTree = "<group>"; };
		D1CEC639234CBAB4009EA9F1 /* libcroco-0.6.a */ = {isa = PBXFileReference; lastKnownFileType = archive.ar; name = "libcroco-0.6.a"; path = "a/libcroco-0.6.a"; sourceTree = "<group>"; };
		D1CEC63A234CBAB4009EA9F1 /* libfreetype.a */ = {isa = PBXFileReference; lastKnownFileType = archive.ar; name = libfreetype.a; path = a/libfreetype.a; sourceTree = "<group>"; };
		D1CEC63B234CBAB4009EA9F1 /* liblzma.a */ = {isa = PBXFileReference; lastKnownFileType = archive.ar; name = liblzma.a; path = a/liblzma.a; sourceTree = "<group>"; };
		D1CEC63C234CBAB4009EA9F1 /* libpangoft2-1.0.a */ = {isa = PBXFileReference; lastKnownFileType = archive.ar; name = "libpangoft2-1.0.a"; path = "a/libpangoft2-1.0.a"; sourceTree = "<group>"; };
		D1CEC63D234CBAB4009EA9F1 /* libpng16.a */ = {isa = PBXFileReference; lastKnownFileType = archive.ar; name = libpng16.a; path = a/libpng16.a; sourceTree = "<group>"; };
		D1CEC63E234CBAB4009EA9F1 /* libffi.a */ = {isa = PBXFileReference; lastKnownFileType = archive.ar; name = libffi.a; path = a/libffi.a; sourceTree = "<group>"; };
		D1CEC63F234CBAB4009EA9F1 /* libtiff.a */ = {isa = PBXFileReference; lastKnownFileType = archive.ar; name = libtiff.a; path = a/libtiff.a; sourceTree = "<group>"; };
		D1CEC654234CBAE3009EA9F1 /* libiconv.a */ = {isa = PBXFileReference; lastKnownFileType = archive.ar; name = libiconv.a; path = a/libiconv.a; sourceTree = "<group>"; };
		D1CEC656234CBAF1009EA9F1 /* CoreFoundation.framework */ = {isa = PBXFileReference; lastKnownFileType = wrapper.framework; name = CoreFoundation.framework; path = System/Library/Frameworks/CoreFoundation.framework; sourceTree = SDKROOT; };
		D1CEC658234CBB2C009EA9F1 /* CoreServices.framework */ = {isa = PBXFileReference; lastKnownFileType = wrapper.framework; name = CoreServices.framework; path = System/Library/Frameworks/CoreServices.framework; sourceTree = SDKROOT; };
		D1CEC65A234CBB78009EA9F1 /* libresolv.tbd */ = {isa = PBXFileReference; lastKnownFileType = "sourcecode.text-based-dylib-definition"; name = libresolv.tbd; path = usr/lib/libresolv.tbd; sourceTree = SDKROOT; };
		D1CEC65C234CBBB6009EA9F1 /* libexpat.tbd */ = {isa = PBXFileReference; lastKnownFileType = "sourcecode.text-based-dylib-definition"; name = libexpat.tbd; path = usr/lib/libexpat.tbd; sourceTree = SDKROOT; };
		D1CEC65E234CBD28009EA9F1 /* libgraphite2.a */ = {isa = PBXFileReference; lastKnownFileType = archive.ar; name = libgraphite2.a; path = a/libgraphite2.a; sourceTree = "<group>"; };
		D1CEC660234CBD45009EA9F1 /* libfribidi.a */ = {isa = PBXFileReference; lastKnownFileType = archive.ar; name = libfribidi.a; path = a/libfribidi.a; sourceTree = "<group>"; };
/* End PBXFileReference section */

/* Begin PBXFrameworksBuildPhase section */
		D1482DBA1A67F4D00020E7AF /* Frameworks */ = {
			isa = PBXFrameworksBuildPhase;
			buildActionMask = 2147483647;
			files = (
				D140450D234EFA5A00928A42 /* libgdk_pixbuf-2.0.0.dylib in Frameworks */,
				D140450A234EF97C00928A42 /* libintl.a in Frameworks */,
				D140450B234EF97C00928A42 /* libintl.g.a in Frameworks */,
				D1CEC648234CBAB5009EA9F1 /* libgio-2.0.a in Frameworks */,
				D1CEC649234CBAB5009EA9F1 /* libglib-2.0.a in Frameworks */,
				D14044F7234EEB3200928A42 /* libgthread-2.0.a in Frameworks */,
				D14044F8234EEB3200928A42 /* libgmodule-2.0.a in Frameworks */,
				D1CEC644234CBAB5009EA9F1 /* libgobject-2.0.a in Frameworks */,
				D1CEC662234CBD58009EA9F1 /* libiconv.a in Frameworks */,
				D1CEC661234CBD45009EA9F1 /* libfribidi.a in Frameworks */,
				D1CEC65F234CBD28009EA9F1 /* libgraphite2.a in Frameworks */,
				D1CEC640234CBAB5009EA9F1 /* libcairo.a in Frameworks */,
				D1CEC642234CBAB5009EA9F1 /* libharfbuzz.a in Frameworks */,
				D1CEC643234CBAB5009EA9F1 /* libfontconfig.a in Frameworks */,
				D1CEC645234CBAB5009EA9F1 /* libpangocairo-1.0.a in Frameworks */,
				D1CEC646234CBAB5009EA9F1 /* libpixman-1.a in Frameworks */,
				D1CEC647234CBAB5009EA9F1 /* libxml2.a in Frameworks */,
				D1CEC64A234CBAB5009EA9F1 /* libpango-1.0.a in Frameworks */,
				D1CEC64B234CBAB5009EA9F1 /* libpcre.a in Frameworks */,
				D1CEC64C234CBAB5009EA9F1 /* libjpeg.a in Frameworks */,
				D1CEC64D234CBAB5009EA9F1 /* libcroco-0.6.a in Frameworks */,
				D1CEC64E234CBAB5009EA9F1 /* libfreetype.a in Frameworks */,
				D1CEC64F234CBAB5009EA9F1 /* liblzma.a in Frameworks */,
				D1CEC650234CBAB5009EA9F1 /* libpangoft2-1.0.a in Frameworks */,
				D1CEC651234CBAB5009EA9F1 /* libpng16.a in Frameworks */,
				D1CEC652234CBAB5009EA9F1 /* libffi.a in Frameworks */,
				D1CEC653234CBAB5009EA9F1 /* libtiff.a in Frameworks */,
				D1CEC62B234CB92F009EA9F1 /* librsvg-2.a in Frameworks */,
				D1CEC65D234CBBB6009EA9F1 /* libexpat.tbd in Frameworks */,
				D1CEC65B234CBB78009EA9F1 /* libresolv.tbd in Frameworks */,
				D1C9E71922CF32A30061B7CD /* libz.tbd in Frameworks */,
				D1C9E71522CF328F0061B7CD /* libbz2.tbd in Frameworks */,
				D14044FA234EEBA500928A42 /* Cocoa.framework in Frameworks */,
				D1CEC659234CBB2C009EA9F1 /* CoreServices.framework in Frameworks */,
				D1A3F5B32045BECB005E972D /* Foundation.framework in Frameworks */,
				D1A3F5652045B85E005E972D /* CoreGraphics.framework in Frameworks */,
				D1A3F5672045B866005E972D /* CoreText.framework in Frameworks */,
			);
			runOnlyForDeploymentPostprocessing = 0;
		};
/* End PBXFrameworksBuildPhase section */

/* Begin PBXGroup section */
		D10CA322203FEEE90075B5C3 /* rsvg-convert */ = {
			isa = PBXGroup;
			children = (
				D10CA3522044581E0075B5C3 /* rsvg-convert.c */,
				D10CA3532044581E0075B5C3 /* rsvg-convert.h */,
				D1C9E70B22CF2FD70061B7CD /* rsvg-css.h */,
			);
			name = "rsvg-convert";
			path = "New Group";
			sourceTree = "<group>";
		};
		D1482DB41A67F4D00020E7AF = {
			isa = PBXGroup;
			children = (
				D1C9E71022CF32390061B7CD /* usr */,
				D10CA322203FEEE90075B5C3 /* rsvg-convert */,
				D1482E021A6805250020E7AF /* dylib */,
				D1482DBE1A67F4D00020E7AF /* Products */,
				D1A3F52520454C70005E972D /* Frameworks */,
			);
			sourceTree = "<group>";
		};
		D1482DBE1A67F4D00020E7AF /* Products */ = {
			isa = PBXGroup;
			children = (
				D1482DBD1A67F4D00020E7AF /* rsvg-convert */,
			);
			name = Products;
			sourceTree = "<group>";
		};
		D1482E021A6805250020E7AF /* dylib */ = {
			isa = PBXGroup;
			children = (
			);
			name = dylib;
			sourceTree = "<group>";
		};
		D1A3F52520454C70005E972D /* Frameworks */ = {
			isa = PBXGroup;
			children = (
				D140450C234EFA5A00928A42 /* libgdk_pixbuf-2.0.0.dylib */,
				D1404508234EF97C00928A42 /* libintl.a */,
				D1404509234EF97C00928A42 /* libintl.g.a */,
				D14044F6234EEB3200928A42 /* libgmodule-2.0.a */,
				D14044F5234EEB3200928A42 /* libgthread-2.0.a */,
				D1CEC660234CBD45009EA9F1 /* libfribidi.a */,
				D1CEC65E234CBD28009EA9F1 /* libgraphite2.a */,
				D14044F9234EEBA500928A42 /* Cocoa.framework */,
				D1CEC658234CBB2C009EA9F1 /* CoreServices.framework */,
				D1CEC656234CBAF1009EA9F1 /* CoreFoundation.framework */,
				D1CEC654234CBAE3009EA9F1 /* libiconv.a */,
				D1CEC62C234CBAB3009EA9F1 /* libcairo.a */,
				D1CEC639234CBAB4009EA9F1 /* libcroco-0.6.a */,
				D1CEC63E234CBAB4009EA9F1 /* libffi.a */,
				D1CEC62F234CBAB4009EA9F1 /* libfontconfig.a */,
				D1CEC63A234CBAB4009EA9F1 /* libfreetype.a */,
				D1CEC634234CBAB4009EA9F1 /* libgio-2.0.a */,
				D1CEC635234CBAB4009EA9F1 /* libglib-2.0.a */,
				D1CEC630234CBAB4009EA9F1 /* libgobject-2.0.a */,
				D1CEC62E234CBAB4009EA9F1 /* libharfbuzz.a */,
				D1CEC638234CBAB4009EA9F1 /* libjpeg.a */,
				D1CEC63B234CBAB4009EA9F1 /* liblzma.a */,
				D1CEC636234CBAB4009EA9F1 /* libpango-1.0.a */,
				D1CEC631234CBAB4009EA9F1 /* libpangocairo-1.0.a */,
				D1CEC63C234CBAB4009EA9F1 /* libpangoft2-1.0.a */,
				D1CEC637234CBAB4009EA9F1 /* libpcre.a */,
				D1CEC632234CBAB4009EA9F1 /* libpixman-1.a */,
				D1CEC63D234CBAB4009EA9F1 /* libpng16.a */,
				D1CEC63F234CBAB4009EA9F1 /* libtiff.a */,
				D1CEC633234CBAB4009EA9F1 /* libxml2.a */,
				D1CEC62A234CB92F009EA9F1 /* librsvg-2.a */,
				D1CEC65C234CBBB6009EA9F1 /* libexpat.tbd */,
				D1CEC65A234CBB78009EA9F1 /* libresolv.tbd */,
				D1C9E71822CF32A30061B7CD /* libz.tbd */,
				D1C9E71622CF32990061B7CD /* libiconv.tbd */,
				D1C9E71422CF328F0061B7CD /* libbz2.tbd */,
				D1A3F5B22045BECB005E972D /* Foundation.framework */,
				D1A3F5662045B866005E972D /* CoreText.framework */,
				D1A3F5642045B85E005E972D /* CoreGraphics.framework */,
			);
			name = Frameworks;
			sourceTree = "<group>";
		};
		D1C9E71022CF32390061B7CD /* usr */ = {
			isa = PBXGroup;
			children = (
				D1C9E71B22CF32A60061B7CD /* libz.tbd */,
				D1C9E71C22CF32A60061B7CD /* libiconv.tbd */,
				D1C9E71A22CF32A60061B7CD /* libbz2.tbd */,
			);
			name = usr;
			sourceTree = "<group>";
		};
/* End PBXGroup section */

/* Begin PBXNativeTarget section */
		D1482DBC1A67F4D00020E7AF /* rsvg-convert */ = {
			isa = PBXNativeTarget;
			buildConfigurationList = D1482DC41A67F4D00020E7AF /* Build configuration list for PBXNativeTarget "rsvg-convert" */;
			buildPhases = (
				D1482DB91A67F4D00020E7AF /* Sources */,
				D1482DBA1A67F4D00020E7AF /* Frameworks */,
				D1482DBB1A67F4D00020E7AF /* CopyFiles */,
			);
			buildRules = (
			);
			dependencies = (
			);
			name = "rsvg-convert";
			productName = wasvgtopdf;
			productReference = D1482DBD1A67F4D00020E7AF /* rsvg-convert */;
			productType = "com.apple.product-type.tool";
		};
/* End PBXNativeTarget section */

/* Begin PBXProject section */
		D1482DB51A67F4D00020E7AF /* Project object */ = {
			isa = PBXProject;
			attributes = {
				LastUpgradeCheck = 0610;
				ORGANIZATIONNAME = miyako;
				TargetAttributes = {
					D1482DBC1A67F4D00020E7AF = {
						CreatedOnToolsVersion = 6.1.1;
						DevelopmentTeam = Y69CWUC25B;
						ProvisioningStyle = Automatic;
					};
				};
			};
			buildConfigurationList = D1482DB81A67F4D00020E7AF /* Build configuration list for PBXProject "rsvg-convert" */;
			compatibilityVersion = "Xcode 3.2";
			developmentRegion = English;
			hasScannedForEncodings = 0;
			knownRegions = (
				English,
				en,
			);
			mainGroup = D1482DB41A67F4D00020E7AF;
			productRefGroup = D1482DBE1A67F4D00020E7AF /* Products */;
			projectDirPath = "";
			projectRoot = "";
			targets = (
				D1482DBC1A67F4D00020E7AF /* rsvg-convert */,
			);
		};
/* End PBXProject section */

/* Begin PBXSourcesBuildPhase section */
		D1482DB91A67F4D00020E7AF /* Sources */ = {
			isa = PBXSourcesBuildPhase;
			buildActionMask = 2147483647;
			files = (
				D10CA3542044581E0075B5C3 /* rsvg-convert.c in Sources */,
			);
			runOnlyForDeploymentPostprocessing = 0;
		};
/* End PBXSourcesBuildPhase section */

/* Begin XCBuildConfiguration section */
		D1482DC21A67F4D00020E7AF /* Debug */ = {
			isa = XCBuildConfiguration;
			buildSettings = {
				ALWAYS_SEARCH_USER_PATHS = NO;
				CLANG_CXX_LANGUAGE_STANDARD = "gnu++0x";
				CLANG_CXX_LIBRARY = "libc++";
				CLANG_ENABLE_MODULES = YES;
				CLANG_ENABLE_OBJC_ARC = YES;
				CLANG_WARN_BOOL_CONVERSION = YES;
				CLANG_WARN_CONSTANT_CONVERSION = YES;
				CLANG_WARN_DIRECT_OBJC_ISA_USAGE = YES_ERROR;
				CLANG_WARN_EMPTY_BODY = YES;
				CLANG_WARN_ENUM_CONVERSION = YES;
				CLANG_WARN_INT_CONVERSION = YES;
				CLANG_WARN_OBJC_ROOT_CLASS = YES_ERROR;
				CLANG_WARN_UNREACHABLE_CODE = YES;
				CLANG_WARN__DUPLICATE_METHOD_MATCH = YES;
				COPY_PHASE_STRIP = NO;
				DEBUG_INFORMATION_FORMAT = "dwarf-with-dsym";
				ENABLE_STRICT_OBJC_MSGSEND = YES;
				GCC_C_LANGUAGE_STANDARD = gnu99;
				GCC_DYNAMIC_NO_PIC = NO;
				GCC_OPTIMIZATION_LEVEL = 0;
				GCC_PREPROCESSOR_DEFINITIONS = (
					"DEBUG=1",
					"$(inherited)",
				);
				GCC_PREPROCESSOR_DEFINITIONS_NOT_USED_IN_PRECOMPS = "";
				GCC_SYMBOLS_PRIVATE_EXTERN = NO;
				GCC_WARN_64_TO_32_BIT_CONVERSION = YES;
				GCC_WARN_ABOUT_RETURN_TYPE = YES_ERROR;
				GCC_WARN_UNDECLARED_SELECTOR = YES;
				GCC_WARN_UNINITIALIZED_AUTOS = YES_AGGRESSIVE;
				GCC_WARN_UNUSED_FUNCTION = YES;
				GCC_WARN_UNUSED_VARIABLE = YES;
				HEADER_SEARCH_PATHS = "${PROJECT_DIR}/include/mac/**";
				LIBRARY_SEARCH_PATHS = (
					"$(inherited)",
					"$(PROJECT_DIR)/a",
				);
				MACOSX_DEPLOYMENT_TARGET = 10.14;
				MTL_ENABLE_DEBUG_INFO = YES;
				ONLY_ACTIVE_ARCH = YES;
				SDKROOT = macosx;
				SYMROOT = "$(PROJECT_DIR)";
				USER_HEADER_SEARCH_PATHS = "${PROJECT_DIR}/include/mac/**";
			};
			name = Debug;
		};
		D1482DC31A67F4D00020E7AF /* Release */ = {
			isa = XCBuildConfiguration;
			buildSettings = {
				ALWAYS_SEARCH_USER_PATHS = NO;
				CLANG_CXX_LANGUAGE_STANDARD = "gnu++0x";
				CLANG_CXX_LIBRARY = "libc++";
				CLANG_ENABLE_MODULES = YES;
				CLANG_ENABLE_OBJC_ARC = YES;
				CLANG_WARN_BOOL_CONVERSION = YES;
				CLANG_WARN_CONSTANT_CONVERSION = YES;
				CLANG_WARN_DIRECT_OBJC_ISA_USAGE = YES_ERROR;
				CLANG_WARN_EMPTY_BODY = YES;
				CLANG_WARN_ENUM_CONVERSION = YES;
				CLANG_WARN_INT_CONVERSION = YES;
				CLANG_WARN_OBJC_ROOT_CLASS = YES_ERROR;
				CLANG_WARN_UNREACHABLE_CODE = YES;
				CLANG_WARN__DUPLICATE_METHOD_MATCH = YES;
				COPY_PHASE_STRIP = YES;
				DEBUG_INFORMATION_FORMAT = dwarf;
				ENABLE_NS_ASSERTIONS = NO;
				ENABLE_STRICT_OBJC_MSGSEND = YES;
				GCC_C_LANGUAGE_STANDARD = gnu99;
				GCC_PREPROCESSOR_DEFINITIONS_NOT_USED_IN_PRECOMPS = "";
				GCC_WARN_64_TO_32_BIT_CONVERSION = YES;
				GCC_WARN_ABOUT_RETURN_TYPE = YES_ERROR;
				GCC_WARN_UNDECLARED_SELECTOR = YES;
				GCC_WARN_UNINITIALIZED_AUTOS = YES_AGGRESSIVE;
				GCC_WARN_UNUSED_FUNCTION = YES;
				GCC_WARN_UNUSED_VARIABLE = YES;
				HEADER_SEARCH_PATHS = "${PROJECT_DIR}/include/mac/**";
				LIBRARY_SEARCH_PATHS = (
					"$(inherited)",
					"$(PROJECT_DIR)/a",
				);
				MACOSX_DEPLOYMENT_TARGET = 10.14;
				MTL_ENABLE_DEBUG_INFO = NO;
				ONLY_ACTIVE_ARCH = YES;
				SDKROOT = macosx;
				SYMROOT = "$(PROJECT_DIR)";
				USER_HEADER_SEARCH_PATHS = "${PROJECT_DIR}/include/mac/**";
			};
			name = Release;
		};
		D1482DC51A67F4D00020E7AF /* Debug */ = {
			isa = XCBuildConfiguration;
			buildSettings = {
				CODE_SIGN_IDENTITY = "Mac Developer";
				CODE_SIGN_STYLE = Automatic;
				CONFIGURATION_BUILD_DIR = "$(PROJECT_DIR)/dylib";
				DEBUG_INFORMATION_FORMAT = "dwarf-with-dsym";
				DEVELOPMENT_TEAM = Y69CWUC25B;
				GCC_PREPROCESSOR_DEFINITIONS_NOT_USED_IN_PRECOMPS = "";
				LIBRARY_SEARCH_PATHS = (
					"$(inherited)",
					"$(PROJECT_DIR)/a",
					"$(PROJECT_DIR)",
				);
				MACOSX_DEPLOYMENT_TARGET = 10.14;
				PRODUCT_NAME = "rsvg-convert";
				PROVISIONING_PROFILE_SPECIFIER = "";
				USER_HEADER_SEARCH_PATHS = "${PROJECT_DIR}/include/mac/**";
			};
			name = Debug;
		};
		D1482DC61A67F4D00020E7AF /* Release */ = {
			isa = XCBuildConfiguration;
			buildSettings = {
				CODE_SIGN_IDENTITY = "Mac Developer";
				CODE_SIGN_STYLE = Automatic;
				CONFIGURATION_BUILD_DIR = "$(PROJECT_DIR)/dylib";
				DEBUG_INFORMATION_FORMAT = dwarf;
				DEVELOPMENT_TEAM = Y69CWUC25B;
				GCC_PREPROCESSOR_DEFINITIONS_NOT_USED_IN_PRECOMPS = "";
				LIBRARY_SEARCH_PATHS = (
					"$(inherited)",
					"$(PROJECT_DIR)/a",
					"$(PROJECT_DIR)",
				);
				MACOSX_DEPLOYMENT_TARGET = 10.14;
				PRODUCT_NAME = "rsvg-convert";
				PROVISIONING_PROFILE_SPECIFIER = "";
				USER_HEADER_SEARCH_PATHS = "${PROJECT_DIR}/include/mac/**";
			};
			name = Release;
		};
/* End XCBuildConfiguration section */

/* Begin XCConfigurationList section */
		D1482DB81A67F4D00020E7AF /* Build configuration list for PBXProject "rsvg-convert" */ = {
			isa = XCConfigurationList;
			buildConfigurations = (
				D1482DC21A67F4D00020E7AF /* Debug */,
				D1482DC31A67F4D00020E7AF /* Release */,
			);
			defaultConfigurationIsVisible = 0;
			defaultConfigurationName = Release;
		};
		D1482DC41A67F4D00020E7AF /* Build configuration list for PBXNativeTarget "rsvg-convert" */ = {
			isa = XCConfigurationList;
			buildConfigurations = (
				D1482DC51A67F4D00020E7AF /* Debug */,
				D1482DC61A67F4D00020E7AF /* Release */,
			);
			defaultConfigurationIsVisible = 0;
			defaultConfigurationName = Release;
		};
/* End XCConfigurationList section */
	};
	rootObject = D1482DB51A67F4D00020E7AF /* Project object */;
}
