<?xml version="1.0" encoding="UTF-8"?>
<Scheme
   LastUpgradeVersion = "0940"
   version = "1.3">
   <BuildAction
      parallelizeBuildables = "YES"
      buildImplicitDependencies = "YES">
      <BuildActionEntries>
         <BuildActionEntry
            buildForTesting = "YES"
            buildForRunning = "YES"
            buildForProfiling = "YES"
            buildForArchiving = "YES"
            buildForAnalyzing = "YES">
            <BuildableReference
               BuildableIdentifier = "primary"
               BlueprintIdentifier = "D1482DBC1A67F4D00020E7AF"
               BuildableName = "rsvg-convert"
               BlueprintName = "rsvg-convert"
               ReferencedContainer = "container:rsvg-convert.xcodeproj">
            </BuildableReference>
         </BuildActionEntry>
      </BuildActionEntries>
   </BuildAction>
   <TestAction
      buildConfiguration = "Debug"
      selectedDebuggerIdentifier = "Xcode.DebuggerFoundation.Debugger.LLDB"
      selectedLauncherIdentifier = "Xcode.DebuggerFoundation.Launcher.LLDB"
      shouldUseLaunchSchemeArgsEnv = "YES">
      <Testables>
      </Testables>
      <MacroExpansion>
         <BuildableReference
            BuildableIdentifier = "primary"
            BlueprintIdentifier = "D1482DBC1A67F4D00020E7AF"
            BuildableName = "rsvg-convert"
            BlueprintName = "rsvg-convert"
            ReferencedContainer = "container:rsvg-convert.xcodeproj">
         </BuildableReference>
      </MacroExpansion>
      <AdditionalOptions>
      </AdditionalOptions>
   </TestAction>
   <LaunchAction
      buildConfiguration = "Release"
      selectedDebuggerIdentifier = ""
      selectedLauncherIdentifier = "Xcode.IDEFoundation.Launcher.PosixSpawn"
      launchStyle = "0"
      useCustomWorkingDirectory = "NO"
      ignoresPersistentStateOnLaunch = "NO"
      debugDocumentVersioning = "YES"
      debugServiceExtension = "internal"
      allowLocationSimulation = "YES">
      <BuildableProductRunnable
         runnableDebuggingMode = "0">
         <BuildableReference
            BuildableIdentifier = "primary"
            BlueprintIdentifier = "D1482DBC1A67F4D00020E7AF"
            BuildableName = "rsvg-convert"
            BlueprintName = "rsvg-convert"
            ReferencedContainer = "container:rsvg-convert.xcodeproj">
         </BuildableReference>
      </BuildableProductRunnable>
      <CommandLineArguments>
         <CommandLineArgument
            argument = "-w 1:600"
            isEnabled = "NO">
         </CommandLineArgument>
         <CommandLineArgument
            argument = "-f pdf"
            isEnabled = "NO">
         </CommandLineArgument>
         <CommandLineArgument
            argument = "-o /Users/miyako/Desktop/safari-pinned-tab.pdf"
            isEnabled = "NO">
         </CommandLineArgument>
         <CommandLineArgument
            argument = "/Users/miyako/Desktop/safari-pinned-tab.svg "
            isEnabled = "NO">
         </CommandLineArgument>
         <CommandLineArgument
            argument = " -h 1:800"
            isEnabled = "NO">
         </CommandLineArgument>
         <CommandLineArgument
            argument = "-w 2:800"
            isEnabled = "NO">
         </CommandLineArgument>
         <CommandLineArgument
            argument = "-h 2:600"
            isEnabled = "NO">
         </CommandLineArgument>
         <CommandLineArgument
            argument = "/Users/miyako/Desktop/pinterest.svg "
            isEnabled = "NO">
         </CommandLineArgument>
      </CommandLineArguments>
      <EnvironmentVariables>
         <EnvironmentVariable
            key = "DYLD_PRINT_LIBRARIES"
            value = ""
            isEnabled = "YES">
         </EnvironmentVariable>
      </EnvironmentVariables>
      <AdditionalOptions>
      </AdditionalOptions>
   </LaunchAction>
   <ProfileAction
      buildConfiguration = "Release"
      shouldUseLaunchSchemeArgsEnv = "YES"
      savedToolIdentifier = ""
      useCustomWorkingDirectory = "NO"
      debugDocumentVersioning = "YES">
      <BuildableProductRunnable
         runnableDebuggingMode = "0">
         <BuildableReference
            BuildableIdentifier = "primary"
            BlueprintIdentifier = "D1482DBC1A67F4D00020E7AF"
            BuildableName = "rsvg-convert"
            BlueprintName = "rsvg-convert"
            ReferencedContainer = "container:rsvg-convert.xcodeproj">
         </BuildableReference>
      </BuildableProductRunnable>
   </ProfileAction>
   <AnalyzeAction
      buildConfiguration = "Debug">
   </AnalyzeAction>
   <ArchiveAction
      buildConfiguration = "Release"
      revealArchiveInOrganizer = "YES">
   </ArchiveAction>
</Scheme>
